{
  "version": 4,
  "terraform_version": "1.9.1",
  "serial": 317,
  "lineage": "3eb13b39-0123-7c5d-aa56-8804b55ae308",
  "outputs": {
    "account_id": {
      "value": "891377358302",
      "type": "string"
    },
    "url_discord_interactions": {
      "value": "https://yvbrxg8q5a.execute-api.us-east-1.amazonaws.com/qual-dffp-api-discord/interactions",
      "type": "string"
    }
  },
  "resources": [
    {
      "mode": "data",
      "type": "aws_caller_identity",
      "name": "current",
      "provider": "provider[\"registry.terraform.io/hashicorp/aws\"]",
      "instances": [
        {
          "schema_version": 0,
          "attributes": {
            "account_id": "891377358302",
            "arn": "arn:aws:sts::891377358302:assumed-role/AWSReservedSSO_AdministratorAccess_47f35b538ba48c16/ryan",
            "id": "891377358302",
            "user_id": "AROA47CR3CXPLO76G4NX4:ryan"
          },
          "sensitive_attributes": []
        }
      ]
    },
    {
      "mode": "data",
      "type": "aws_iam_policy_document",
      "name": "lambda_api_discord",
      "provider": "provider[\"registry.terraform.io/hashicorp/aws\"]",
      "instances": [
        {
          "schema_version": 0,
          "attributes": {
            "id": "995863707",
            "json": "{\n  \"Version\": \"2012-10-17\",\n  \"Statement\": [\n    {\n      \"Effect\": \"Allow\",\n      \"Action\": [\n        \"logs:PutLogEvents\",\n        \"logs:CreateLogStream\"\n      ],\n      \"Resource\": \"arn:aws:logs:*:*:*\"\n    },\n    {\n      \"Effect\": \"Allow\",\n      \"Action\": \"*\",\n      \"Resource\": \"*\"\n    }\n  ]\n}",
            "minified_json": "{\"Version\":\"2012-10-17\",\"Statement\":[{\"Effect\":\"Allow\",\"Action\":[\"logs:PutLogEvents\",\"logs:CreateLogStream\"],\"Resource\":\"arn:aws:logs:*:*:*\"},{\"Effect\":\"Allow\",\"Action\":\"*\",\"Resource\":\"*\"}]}",
            "override_json": null,
            "override_policy_documents": null,
            "policy_id": null,
            "source_json": null,
            "source_policy_documents": null,
            "statement": [
              {
                "actions": [
                  "logs:CreateLogStream",
                  "logs:PutLogEvents"
                ],
                "condition": [],
                "effect": "Allow",
                "not_actions": [],
                "not_principals": [],
                "not_resources": [],
                "principals": [],
                "resources": [
                  "arn:aws:logs:*:*:*"
                ],
                "sid": ""
              },
              {
                "actions": [
                  "*"
                ],
                "condition": [],
                "effect": "Allow",
                "not_actions": [],
                "not_principals": [],
                "not_resources": [],
                "principals": [],
                "resources": [
                  "*"
                ],
                "sid": ""
              }
            ],
            "version": "2012-10-17"
          },
          "sensitive_attributes": []
        }
      ]
    },
    {
      "mode": "data",
      "type": "aws_iam_policy_document",
      "name": "lambda_app_discord",
      "provider": "provider[\"registry.terraform.io/hashicorp/aws\"]",
      "instances": [
        {
          "schema_version": 0,
          "attributes": {
            "id": "995863707",
            "json": "{\n  \"Version\": \"2012-10-17\",\n  \"Statement\": [\n    {\n      \"Effect\": \"Allow\",\n      \"Action\": [\n        \"logs:PutLogEvents\",\n        \"logs:CreateLogStream\"\n      ],\n      \"Resource\": \"arn:aws:logs:*:*:*\"\n    },\n    {\n      \"Effect\": \"Allow\",\n      \"Action\": \"*\",\n      \"Resource\": \"*\"\n    }\n  ]\n}",
            "minified_json": "{\"Version\":\"2012-10-17\",\"Statement\":[{\"Effect\":\"Allow\",\"Action\":[\"logs:PutLogEvents\",\"logs:CreateLogStream\"],\"Resource\":\"arn:aws:logs:*:*:*\"},{\"Effect\":\"Allow\",\"Action\":\"*\",\"Resource\":\"*\"}]}",
            "override_json": null,
            "override_policy_documents": null,
            "policy_id": null,
            "source_json": null,
            "source_policy_documents": null,
            "statement": [
              {
                "actions": [
                  "logs:CreateLogStream",
                  "logs:PutLogEvents"
                ],
                "condition": [],
                "effect": "Allow",
                "not_actions": [],
                "not_principals": [],
                "not_resources": [],
                "principals": [],
                "resources": [
                  "arn:aws:logs:*:*:*"
                ],
                "sid": ""
              },
              {
                "actions": [
                  "*"
                ],
                "condition": [],
                "effect": "Allow",
                "not_actions": [],
                "not_principals": [],
                "not_resources": [],
                "principals": [],
                "resources": [
                  "*"
                ],
                "sid": ""
              }
            ],
            "version": "2012-10-17"
          },
          "sensitive_attributes": []
        }
      ]
    },
    {
      "mode": "data",
      "type": "aws_iam_policy_document",
      "name": "lambda_app_discord_deploy",
      "provider": "provider[\"registry.terraform.io/hashicorp/aws\"]",
      "instances": [
        {
          "schema_version": 0,
          "attributes": {
            "id": "995863707",
            "json": "{\n  \"Version\": \"2012-10-17\",\n  \"Statement\": [\n    {\n      \"Effect\": \"Allow\",\n      \"Action\": [\n        \"logs:PutLogEvents\",\n        \"logs:CreateLogStream\"\n      ],\n      \"Resource\": \"arn:aws:logs:*:*:*\"\n    },\n    {\n      \"Effect\": \"Allow\",\n      \"Action\": \"*\",\n      \"Resource\": \"*\"\n    }\n  ]\n}",
            "minified_json": "{\"Version\":\"2012-10-17\",\"Statement\":[{\"Effect\":\"Allow\",\"Action\":[\"logs:PutLogEvents\",\"logs:CreateLogStream\"],\"Resource\":\"arn:aws:logs:*:*:*\"},{\"Effect\":\"Allow\",\"Action\":\"*\",\"Resource\":\"*\"}]}",
            "override_json": null,
            "override_policy_documents": null,
            "policy_id": null,
            "source_json": null,
            "source_policy_documents": null,
            "statement": [
              {
                "actions": [
                  "logs:CreateLogStream",
                  "logs:PutLogEvents"
                ],
                "condition": [],
                "effect": "Allow",
                "not_actions": [],
                "not_principals": [],
                "not_resources": [],
                "principals": [],
                "resources": [
                  "arn:aws:logs:*:*:*"
                ],
                "sid": ""
              },
              {
                "actions": [
                  "*"
                ],
                "condition": [],
                "effect": "Allow",
                "not_actions": [],
                "not_principals": [],
                "not_resources": [],
                "principals": [],
                "resources": [
                  "*"
                ],
                "sid": ""
              }
            ],
            "version": "2012-10-17"
          },
          "sensitive_attributes": []
        }
      ]
    },
    {
      "mode": "data",
      "type": "aws_iam_policy_document",
      "name": "lambda_poll_coc",
      "provider": "provider[\"registry.terraform.io/hashicorp/aws\"]",
      "instances": [
        {
          "schema_version": 0,
          "attributes": {
            "id": "995863707",
            "json": "{\n  \"Version\": \"2012-10-17\",\n  \"Statement\": [\n    {\n      \"Effect\": \"Allow\",\n      \"Action\": [\n        \"logs:PutLogEvents\",\n        \"logs:CreateLogStream\"\n      ],\n      \"Resource\": \"arn:aws:logs:*:*:*\"\n    },\n    {\n      \"Effect\": \"Allow\",\n      \"Action\": \"*\",\n      \"Resource\": \"*\"\n    }\n  ]\n}",
            "minified_json": "{\"Version\":\"2012-10-17\",\"Statement\":[{\"Effect\":\"Allow\",\"Action\":[\"logs:PutLogEvents\",\"logs:CreateLogStream\"],\"Resource\":\"arn:aws:logs:*:*:*\"},{\"Effect\":\"Allow\",\"Action\":\"*\",\"Resource\":\"*\"}]}",
            "override_json": null,
            "override_policy_documents": null,
            "policy_id": null,
            "source_json": null,
            "source_policy_documents": null,
            "statement": [
              {
                "actions": [
                  "logs:CreateLogStream",
                  "logs:PutLogEvents"
                ],
                "condition": [],
                "effect": "Allow",
                "not_actions": [],
                "not_principals": [],
                "not_resources": [],
                "principals": [],
                "resources": [
                  "arn:aws:logs:*:*:*"
                ],
                "sid": ""
              },
              {
                "actions": [
                  "*"
                ],
                "condition": [],
                "effect": "Allow",
                "not_actions": [],
                "not_principals": [],
                "not_resources": [],
                "principals": [],
                "resources": [
                  "*"
                ],
                "sid": ""
              }
            ],
            "version": "2012-10-17"
          },
          "sensitive_attributes": []
        }
      ]
    },
    {
      "mode": "data",
      "type": "aws_iam_policy_document",
      "name": "lambda_scheduler",
      "provider": "provider[\"registry.terraform.io/hashicorp/aws\"]",
      "instances": [
        {
          "schema_version": 0,
          "attributes": {
            "id": "995863707",
            "json": "{\n  \"Version\": \"2012-10-17\",\n  \"Statement\": [\n    {\n      \"Effect\": \"Allow\",\n      \"Action\": [\n        \"logs:PutLogEvents\",\n        \"logs:CreateLogStream\"\n      ],\n      \"Resource\": \"arn:aws:logs:*:*:*\"\n    },\n    {\n      \"Effect\": \"Allow\",\n      \"Action\": \"*\",\n      \"Resource\": \"*\"\n    }\n  ]\n}",
            "minified_json": "{\"Version\":\"2012-10-17\",\"Statement\":[{\"Effect\":\"Allow\",\"Action\":[\"logs:PutLogEvents\",\"logs:CreateLogStream\"],\"Resource\":\"arn:aws:logs:*:*:*\"},{\"Effect\":\"Allow\",\"Action\":\"*\",\"Resource\":\"*\"}]}",
            "override_json": null,
            "override_policy_documents": null,
            "policy_id": null,
            "source_json": null,
            "source_policy_documents": null,
            "statement": [
              {
                "actions": [
                  "logs:CreateLogStream",
                  "logs:PutLogEvents"
                ],
                "condition": [],
                "effect": "Allow",
                "not_actions": [],
                "not_principals": [],
                "not_resources": [],
                "principals": [],
                "resources": [
                  "arn:aws:logs:*:*:*"
                ],
                "sid": ""
              },
              {
                "actions": [
                  "*"
                ],
                "condition": [],
                "effect": "Allow",
                "not_actions": [],
                "not_principals": [],
                "not_resources": [],
                "principals": [],
                "resources": [
                  "*"
                ],
                "sid": ""
              }
            ],
            "version": "2012-10-17"
          },
          "sensitive_attributes": []
        }
      ]
    },
    {
      "mode": "data",
      "type": "aws_iam_policy_document",
      "name": "schedule_policy",
      "provider": "provider[\"registry.terraform.io/hashicorp/aws\"]",
      "instances": [
        {
          "schema_version": 0,
          "attributes": {
            "id": "3208228557",
            "json": "{\n  \"Version\": \"2012-10-17\",\n  \"Statement\": [\n    {\n      \"Effect\": \"Allow\",\n      \"Action\": \"*\",\n      \"Resource\": \"arn:aws:lambda:us-east-1:891377358302:function:qual-dffp-scheduler\"\n    }\n  ]\n}",
            "minified_json": "{\"Version\":\"2012-10-17\",\"Statement\":[{\"Effect\":\"Allow\",\"Action\":\"*\",\"Resource\":\"arn:aws:lambda:us-east-1:891377358302:function:qual-dffp-scheduler\"}]}",
            "override_json": null,
            "override_policy_documents": null,
            "policy_id": null,
            "source_json": null,
            "source_policy_documents": null,
            "statement": [
              {
                "actions": [
                  "*"
                ],
                "condition": [],
                "effect": "Allow",
                "not_actions": [],
                "not_principals": [],
                "not_resources": [],
                "principals": [],
                "resources": [
                  "arn:aws:lambda:us-east-1:891377358302:function:qual-dffp-scheduler"
                ],
                "sid": ""
              }
            ],
            "version": "2012-10-17"
          },
          "sensitive_attributes": []
        }
      ]
    },
    {
      "mode": "data",
      "type": "aws_iam_policy_document",
      "name": "schedule_role",
      "provider": "provider[\"registry.terraform.io/hashicorp/aws\"]",
      "instances": [
        {
          "schema_version": 0,
          "attributes": {
            "id": "2255659722",
            "json": "{\n  \"Version\": \"2012-10-17\",\n  \"Statement\": [\n    {\n      \"Effect\": \"Allow\",\n      \"Action\": \"sts:AssumeRole\",\n      \"Principal\": {\n        \"AWS\": \"891377358302\",\n        \"Service\": \"scheduler.amazonaws.com\"\n      }\n    }\n  ]\n}",
            "minified_json": "{\"Version\":\"2012-10-17\",\"Statement\":[{\"Effect\":\"Allow\",\"Action\":\"sts:AssumeRole\",\"Principal\":{\"AWS\":\"891377358302\",\"Service\":\"scheduler.amazonaws.com\"}}]}",
            "override_json": null,
            "override_policy_documents": null,
            "policy_id": null,
            "source_json": null,
            "source_policy_documents": null,
            "statement": [
              {
                "actions": [
                  "sts:AssumeRole"
                ],
                "condition": [],
                "effect": "Allow",
                "not_actions": [],
                "not_principals": [],
                "not_resources": [],
                "principals": [
                  {
                    "identifiers": [
                      "891377358302"
                    ],
                    "type": "AWS"
                  },
                  {
                    "identifiers": [
                      "scheduler.amazonaws.com"
                    ],
                    "type": "Service"
                  }
                ],
                "resources": [],
                "sid": ""
              }
            ],
            "version": "2012-10-17"
          },
          "sensitive_attributes": []
        }
      ]
    },
    {
      "mode": "data",
      "type": "aws_iam_policy_document",
      "name": "snapshots",
      "provider": "provider[\"registry.terraform.io/hashicorp/aws\"]",
      "instances": [
        {
          "schema_version": 0,
          "attributes": {
            "id": "2881524864",
            "json": "{\n  \"Version\": \"2012-10-17\",\n  \"Statement\": [\n    {\n      \"Effect\": \"Allow\",\n      \"Action\": \"dynamodb:*\",\n      \"Resource\": \"arn:aws:dynamodb:us-east-1:891377358302:table/qual-dffp-snapshots\",\n      \"Principal\": {\n        \"AWS\": \"891377358302\"\n      }\n    }\n  ]\n}",
            "minified_json": "{\"Version\":\"2012-10-17\",\"Statement\":[{\"Effect\":\"Allow\",\"Action\":\"dynamodb:*\",\"Resource\":\"arn:aws:dynamodb:us-east-1:891377358302:table/qual-dffp-snapshots\",\"Principal\":{\"AWS\":\"891377358302\"}}]}",
            "override_json": null,
            "override_policy_documents": null,
            "policy_id": null,
            "source_json": null,
            "source_policy_documents": null,
            "statement": [
              {
                "actions": [
                  "dynamodb:*"
                ],
                "condition": [],
                "effect": "Allow",
                "not_actions": [],
                "not_principals": [],
                "not_resources": [],
                "principals": [
                  {
                    "identifiers": [
                      "891377358302"
                    ],
                    "type": "AWS"
                  }
                ],
                "resources": [
                  "arn:aws:dynamodb:us-east-1:891377358302:table/qual-dffp-snapshots"
                ],
                "sid": ""
              }
            ],
            "version": "2012-10-17"
          },
          "sensitive_attributes": []
        }
      ]
    },
    {
      "mode": "data",
      "type": "aws_iam_policy_document",
      "name": "tracking",
      "provider": "provider[\"registry.terraform.io/hashicorp/aws\"]",
      "instances": [
        {
          "schema_version": 0,
          "attributes": {
            "id": "4196386530",
            "json": "{\n  \"Version\": \"2012-10-17\",\n  \"Statement\": [\n    {\n      \"Effect\": \"Allow\",\n      \"Action\": \"dynamodb:*\",\n      \"Resource\": \"arn:aws:dynamodb:us-east-1:891377358302:table/qual-dffp-tracking\",\n      \"Principal\": {\n        \"AWS\": \"891377358302\"\n      }\n    }\n  ]\n}",
            "minified_json": "{\"Version\":\"2012-10-17\",\"Statement\":[{\"Effect\":\"Allow\",\"Action\":\"dynamodb:*\",\"Resource\":\"arn:aws:dynamodb:us-east-1:891377358302:table/qual-dffp-tracking\",\"Principal\":{\"AWS\":\"891377358302\"}}]}",
            "override_json": null,
            "override_policy_documents": null,
            "policy_id": null,
            "source_json": null,
            "source_policy_documents": null,
            "statement": [
              {
                "actions": [
                  "dynamodb:*"
                ],
                "condition": [],
                "effect": "Allow",
                "not_actions": [],
                "not_principals": [],
                "not_resources": [],
                "principals": [
                  {
                    "identifiers": [
                      "891377358302"
                    ],
                    "type": "AWS"
                  }
                ],
                "resources": [
                  "arn:aws:dynamodb:us-east-1:891377358302:table/qual-dffp-tracking"
                ],
                "sid": ""
              }
            ],
            "version": "2012-10-17"
          },
          "sensitive_attributes": []
        }
      ]
    },
    {
      "mode": "data",
      "type": "aws_organizations_organization",
      "name": "current",
      "provider": "provider[\"registry.terraform.io/hashicorp/aws\"]",
      "instances": [
        {
          "schema_version": 0,
          "attributes": {
            "accounts": [
              {
                "arn": "arn:aws:organizations::891377358302:account/o-196dkudgnx/891377358302",
                "email": "ryanephraimmcdaniel@hotmail.com",
                "id": "891377358302",
                "name": "ryanemcdaniel",
                "status": "ACTIVE"
              },
              {
                "arn": "arn:aws:organizations::891377358302:account/o-196dkudgnx/863518445429",
                "email": "tepee.biofuel0p@icloud.com",
                "id": "863518445429",
                "name": "qual",
                "status": "ACTIVE"
              }
            ],
            "arn": "arn:aws:organizations::891377358302:organization/o-196dkudgnx",
            "aws_service_access_principals": [
              "sso.amazonaws.com"
            ],
            "enabled_policy_types": [
              "AISERVICES_OPT_OUT_POLICY",
              "SERVICE_CONTROL_POLICY"
            ],
            "feature_set": "ALL",
            "id": "o-196dkudgnx",
            "master_account_arn": "arn:aws:organizations::891377358302:account/o-196dkudgnx/891377358302",
            "master_account_email": "ryanephraimmcdaniel@hotmail.com",
            "master_account_id": "891377358302",
            "master_account_name": "ryanemcdaniel",
            "non_master_accounts": [
              {
                "arn": "arn:aws:organizations::891377358302:account/o-196dkudgnx/863518445429",
                "email": "tepee.biofuel0p@icloud.com",
                "id": "863518445429",
                "name": "qual",
                "status": "ACTIVE"
              }
            ],
            "roots": [
              {
                "arn": "arn:aws:organizations::891377358302:root/o-196dkudgnx/r-4b6i",
                "id": "r-4b6i",
                "name": "Root",
                "policy_types": [
                  {
                    "status": "ENABLED",
                    "type": "AISERVICES_OPT_OUT_POLICY"
                  },
                  {
                    "status": "ENABLED",
                    "type": "SERVICE_CONTROL_POLICY"
                  }
                ]
              }
            ]
          },
          "sensitive_attributes": []
        }
      ]
    },
    {
      "mode": "data",
      "type": "aws_region",
      "name": "current",
      "provider": "provider[\"registry.terraform.io/hashicorp/aws\"]",
      "instances": [
        {
          "schema_version": 0,
          "attributes": {
            "description": "US East (N. Virginia)",
            "endpoint": "ec2.us-east-1.amazonaws.com",
            "id": "us-east-1",
            "name": "us-east-1"
          },
          "sensitive_attributes": []
        }
      ]
    },
    {
      "mode": "managed",
      "type": "aws_api_gateway_deployment",
      "name": "api_discord",
      "provider": "provider[\"registry.terraform.io/hashicorp/aws\"]",
      "instances": [
        {
          "schema_version": 0,
          "attributes": {
            "canary_settings": [],
            "created_date": "2024-08-26T01:39:06Z",
            "description": "",
            "execution_arn": "arn:aws:execute-api:us-east-1:891377358302:yvbrxg8q5a/",
            "id": "laishd",
            "invoke_url": "https://yvbrxg8q5a.execute-api.us-east-1.amazonaws.com/",
            "rest_api_id": "yvbrxg8q5a",
            "stage_description": null,
            "stage_name": null,
            "triggers": {
              "redeployment": "e15277bbc156cc708c0b70a9d90078e91e8db80c"
            },
            "variables": null
          },
          "sensitive_attributes": [],
          "private": "bnVsbA==",
          "dependencies": [
            "aws_api_gateway_integration.api_discord_get",
            "aws_api_gateway_integration.api_discord_option",
            "aws_api_gateway_integration.api_discord_post",
            "aws_api_gateway_integration_response.api_discord_options",
            "aws_api_gateway_method.api_discord_get",
            "aws_api_gateway_method.api_discord_option",
            "aws_api_gateway_method.api_discord_post",
            "aws_api_gateway_method_response.api_discord_get",
            "aws_api_gateway_method_response.api_discord_option",
            "aws_api_gateway_resource.api_discord",
            "aws_api_gateway_rest_api.api_discord",
            "aws_dynamodb_table.snapshots",
            "aws_dynamodb_table.tracking",
            "data.aws_caller_identity.current",
            "module.lambda_api_discord.aws_iam_role.execution_role",
            "module.lambda_api_discord.aws_lambda_function.main",
            "module.lambda_api_discord.data.archive_file.source_code",
            "module.lambda_api_discord.data.aws_iam_policy_document.execution_role_policy",
            "module.lambda_app_discord.aws_iam_role.execution_role",
            "module.lambda_app_discord.aws_lambda_function.main",
            "module.lambda_app_discord.aws_sqs_queue.sqs",
            "module.lambda_app_discord.data.archive_file.source_code",
            "module.lambda_app_discord.data.aws_iam_policy_document.execution_role_policy"
          ],
          "create_before_destroy": true
        }
      ]
    },
    {
      "mode": "managed",
      "type": "aws_api_gateway_integration",
      "name": "api_discord_get",
      "provider": "provider[\"registry.terraform.io/hashicorp/aws\"]",
      "instances": [
        {
          "schema_version": 0,
          "attributes": {
            "cache_key_parameters": [],
            "cache_namespace": "srvx7q",
            "connection_id": "",
            "connection_type": "INTERNET",
            "content_handling": "",
            "credentials": "",
            "http_method": "GET",
            "id": "agi-yvbrxg8q5a-srvx7q-GET",
            "integration_http_method": "POST",
            "passthrough_behavior": "WHEN_NO_MATCH",
            "request_parameters": {},
            "request_templates": {},
            "resource_id": "srvx7q",
            "rest_api_id": "yvbrxg8q5a",
            "timeout_milliseconds": 29000,
            "tls_config": [],
            "type": "AWS_PROXY",
            "uri": "arn:aws:apigateway:us-east-1:lambda:path/2015-03-31/functions/arn:aws:lambda:us-east-1:891377358302:function:qual-dffp-api-discord/invocations"
          },
          "sensitive_attributes": [],
          "private": "bnVsbA==",
          "dependencies": [
            "aws_api_gateway_method.api_discord_get",
            "aws_api_gateway_resource.api_discord",
            "aws_api_gateway_rest_api.api_discord",
            "aws_dynamodb_table.snapshots",
            "aws_dynamodb_table.tracking",
            "data.aws_caller_identity.current",
            "module.lambda_api_discord.aws_iam_role.execution_role",
            "module.lambda_api_discord.aws_lambda_function.main",
            "module.lambda_api_discord.data.archive_file.source_code",
            "module.lambda_api_discord.data.aws_iam_policy_document.execution_role_policy",
            "module.lambda_app_discord.aws_iam_role.execution_role",
            "module.lambda_app_discord.aws_lambda_function.main",
            "module.lambda_app_discord.aws_sqs_queue.sqs",
            "module.lambda_app_discord.data.archive_file.source_code",
            "module.lambda_app_discord.data.aws_iam_policy_document.execution_role_policy"
          ],
          "create_before_destroy": true
        }
      ]
    },
    {
      "mode": "managed",
      "type": "aws_api_gateway_integration",
      "name": "api_discord_option",
      "provider": "provider[\"registry.terraform.io/hashicorp/aws\"]",
      "instances": [
        {
          "schema_version": 0,
          "attributes": {
            "cache_key_parameters": [],
            "cache_namespace": "srvx7q",
            "connection_id": "",
            "connection_type": "INTERNET",
            "content_handling": "",
            "credentials": "",
            "http_method": "OPTIONS",
            "id": "agi-yvbrxg8q5a-srvx7q-OPTIONS",
            "integration_http_method": "",
            "passthrough_behavior": "WHEN_NO_MATCH",
            "request_parameters": {},
            "request_templates": {},
            "resource_id": "srvx7q",
            "rest_api_id": "yvbrxg8q5a",
            "timeout_milliseconds": 29000,
            "tls_config": [],
            "type": "MOCK",
            "uri": ""
          },
          "sensitive_attributes": [],
          "private": "bnVsbA==",
          "dependencies": [
            "aws_api_gateway_method.api_discord_option",
            "aws_api_gateway_resource.api_discord",
            "aws_api_gateway_rest_api.api_discord"
          ],
          "create_before_destroy": true
        }
      ]
    },
    {
      "mode": "managed",
      "type": "aws_api_gateway_integration",
      "name": "api_discord_post",
      "provider": "provider[\"registry.terraform.io/hashicorp/aws\"]",
      "instances": [
        {
          "schema_version": 0,
          "attributes": {
            "cache_key_parameters": [],
            "cache_namespace": "srvx7q",
            "connection_id": "",
            "connection_type": "INTERNET",
            "content_handling": "",
            "credentials": "",
            "http_method": "POST",
            "id": "agi-yvbrxg8q5a-srvx7q-POST",
            "integration_http_method": "POST",
            "passthrough_behavior": "WHEN_NO_MATCH",
            "request_parameters": {},
            "request_templates": {},
            "resource_id": "srvx7q",
            "rest_api_id": "yvbrxg8q5a",
            "timeout_milliseconds": 29000,
            "tls_config": [],
            "type": "AWS_PROXY",
            "uri": "arn:aws:apigateway:us-east-1:lambda:path/2015-03-31/functions/arn:aws:lambda:us-east-1:891377358302:function:qual-dffp-api-discord/invocations"
          },
          "sensitive_attributes": [],
          "private": "bnVsbA==",
          "dependencies": [
            "aws_api_gateway_method.api_discord_post",
            "aws_api_gateway_resource.api_discord",
            "aws_api_gateway_rest_api.api_discord",
            "aws_dynamodb_table.snapshots",
            "aws_dynamodb_table.tracking",
            "data.aws_caller_identity.current",
            "module.lambda_api_discord.aws_iam_role.execution_role",
            "module.lambda_api_discord.aws_lambda_function.main",
            "module.lambda_api_discord.data.archive_file.source_code",
            "module.lambda_api_discord.data.aws_iam_policy_document.execution_role_policy",
            "module.lambda_app_discord.aws_iam_role.execution_role",
            "module.lambda_app_discord.aws_lambda_function.main",
            "module.lambda_app_discord.aws_sqs_queue.sqs",
            "module.lambda_app_discord.data.archive_file.source_code",
            "module.lambda_app_discord.data.aws_iam_policy_document.execution_role_policy"
          ],
          "create_before_destroy": true
        }
      ]
    },
    {
      "mode": "managed",
      "type": "aws_api_gateway_integration_response",
      "name": "api_discord_options",
      "provider": "provider[\"registry.terraform.io/hashicorp/aws\"]",
      "instances": [
        {
          "schema_version": 0,
          "attributes": {
            "content_handling": "",
            "http_method": "OPTIONS",
            "id": "agir-yvbrxg8q5a-srvx7q-OPTIONS-200",
            "resource_id": "srvx7q",
            "response_parameters": {
              "method.response.header.Access-Control-Allow-Headers": "'Content-Type,X-Amz-Date,Authorization,X-Api-Key,X-Amz-Security-Token'",
              "method.response.header.Access-Control-Allow-Methods": "'GET,OPTIONS,POST,PUT'",
              "method.response.header.Access-Control-Allow-Origin": "'*'"
            },
            "response_templates": {},
            "rest_api_id": "yvbrxg8q5a",
            "selection_pattern": "",
            "status_code": "200"
          },
          "sensitive_attributes": [],
          "private": "bnVsbA==",
          "dependencies": [
            "aws_api_gateway_method.api_discord_option",
            "aws_api_gateway_method_response.api_discord_option",
            "aws_api_gateway_resource.api_discord",
            "aws_api_gateway_rest_api.api_discord"
          ],
          "create_before_destroy": true
        }
      ]
    },
    {
      "mode": "managed",
      "type": "aws_api_gateway_method",
      "name": "api_discord_get",
      "provider": "provider[\"registry.terraform.io/hashicorp/aws\"]",
      "instances": [
        {
          "schema_version": 0,
          "attributes": {
            "api_key_required": false,
            "authorization": "NONE",
            "authorization_scopes": [],
            "authorizer_id": "",
            "http_method": "GET",
            "id": "agm-yvbrxg8q5a-srvx7q-GET",
            "operation_name": "",
            "request_models": {},
            "request_parameters": {},
            "request_validator_id": "",
            "resource_id": "srvx7q",
            "rest_api_id": "yvbrxg8q5a"
          },
          "sensitive_attributes": [],
          "private": "bnVsbA==",
          "dependencies": [
            "aws_api_gateway_resource.api_discord",
            "aws_api_gateway_rest_api.api_discord"
          ],
          "create_before_destroy": true
        }
      ]
    },
    {
      "mode": "managed",
      "type": "aws_api_gateway_method",
      "name": "api_discord_option",
      "provider": "provider[\"registry.terraform.io/hashicorp/aws\"]",
      "instances": [
        {
          "schema_version": 0,
          "attributes": {
            "api_key_required": false,
            "authorization": "NONE",
            "authorization_scopes": [],
            "authorizer_id": "",
            "http_method": "OPTIONS",
            "id": "agm-yvbrxg8q5a-srvx7q-OPTIONS",
            "operation_name": "",
            "request_models": {},
            "request_parameters": {},
            "request_validator_id": "",
            "resource_id": "srvx7q",
            "rest_api_id": "yvbrxg8q5a"
          },
          "sensitive_attributes": [],
          "private": "bnVsbA==",
          "dependencies": [
            "aws_api_gateway_resource.api_discord",
            "aws_api_gateway_rest_api.api_discord"
          ],
          "create_before_destroy": true
        }
      ]
    },
    {
      "mode": "managed",
      "type": "aws_api_gateway_method",
      "name": "api_discord_post",
      "provider": "provider[\"registry.terraform.io/hashicorp/aws\"]",
      "instances": [
        {
          "schema_version": 0,
          "attributes": {
            "api_key_required": false,
            "authorization": "NONE",
            "authorization_scopes": [],
            "authorizer_id": "",
            "http_method": "POST",
            "id": "agm-yvbrxg8q5a-srvx7q-POST",
            "operation_name": "",
            "request_models": {},
            "request_parameters": {
              "method.request.header.X-Signature-Ed25519": true,
              "method.request.header.X-Signature-Timestamp": true
            },
            "request_validator_id": "",
            "resource_id": "srvx7q",
            "rest_api_id": "yvbrxg8q5a"
          },
          "sensitive_attributes": [],
          "private": "bnVsbA==",
          "dependencies": [
            "aws_api_gateway_resource.api_discord",
            "aws_api_gateway_rest_api.api_discord"
          ],
          "create_before_destroy": true
        }
      ]
    },
    {
      "mode": "managed",
      "type": "aws_api_gateway_method_response",
      "name": "api_discord_get",
      "provider": "provider[\"registry.terraform.io/hashicorp/aws\"]",
      "instances": [
        {
          "schema_version": 0,
          "attributes": {
            "http_method": "GET",
            "id": "agmr-yvbrxg8q5a-srvx7q-GET-200",
            "resource_id": "srvx7q",
            "response_models": {},
            "response_parameters": {
              "method.response.header.Access-Control-Allow-Methods": true,
              "method.response.header.Access-Control-Allow-Origin": true
            },
            "rest_api_id": "yvbrxg8q5a",
            "status_code": "200"
          },
          "sensitive_attributes": [],
          "private": "bnVsbA==",
          "dependencies": [
            "aws_api_gateway_method.api_discord_get",
            "aws_api_gateway_resource.api_discord",
            "aws_api_gateway_rest_api.api_discord"
          ],
          "create_before_destroy": true
        }
      ]
    },
    {
      "mode": "managed",
      "type": "aws_api_gateway_method_response",
      "name": "api_discord_option",
      "provider": "provider[\"registry.terraform.io/hashicorp/aws\"]",
      "instances": [
        {
          "schema_version": 0,
          "attributes": {
            "http_method": "OPTIONS",
            "id": "agmr-yvbrxg8q5a-srvx7q-OPTIONS-200",
            "resource_id": "srvx7q",
            "response_models": {},
            "response_parameters": {
              "method.response.header.Access-Control-Allow-Headers": true,
              "method.response.header.Access-Control-Allow-Methods": true,
              "method.response.header.Access-Control-Allow-Origin": true
            },
            "rest_api_id": "yvbrxg8q5a",
            "status_code": "200"
          },
          "sensitive_attributes": [],
          "private": "bnVsbA==",
          "dependencies": [
            "aws_api_gateway_method.api_discord_option",
            "aws_api_gateway_resource.api_discord",
            "aws_api_gateway_rest_api.api_discord"
          ],
          "create_before_destroy": true
        }
      ]
    },
    {
      "mode": "managed",
      "type": "aws_api_gateway_method_settings",
      "name": "api_discord",
      "provider": "provider[\"registry.terraform.io/hashicorp/aws\"]",
      "instances": [
        {
          "schema_version": 0,
          "attributes": {
            "id": "yvbrxg8q5a-qual-dffp-api-discord-*/*",
            "method_path": "*/*",
            "rest_api_id": "yvbrxg8q5a",
            "settings": [
              {
                "cache_data_encrypted": false,
                "cache_ttl_in_seconds": 300,
                "caching_enabled": false,
                "data_trace_enabled": true,
                "logging_level": "INFO",
                "metrics_enabled": true,
                "require_authorization_for_cache_control": true,
                "throttling_burst_limit": -1,
                "throttling_rate_limit": -1,
                "unauthorized_cache_control_header_strategy": "SUCCEED_WITH_RESPONSE_HEADER"
              }
            ],
            "stage_name": "qual-dffp-api-discord"
          },
          "sensitive_attributes": [],
          "private": "bnVsbA==",
          "dependencies": [
            "aws_api_gateway_deployment.api_discord",
            "aws_api_gateway_integration.api_discord_get",
            "aws_api_gateway_integration.api_discord_option",
            "aws_api_gateway_integration.api_discord_post",
            "aws_api_gateway_integration_response.api_discord_options",
            "aws_api_gateway_method.api_discord_get",
            "aws_api_gateway_method.api_discord_option",
            "aws_api_gateway_method.api_discord_post",
            "aws_api_gateway_method_response.api_discord_get",
            "aws_api_gateway_method_response.api_discord_option",
            "aws_api_gateway_resource.api_discord",
            "aws_api_gateway_rest_api.api_discord",
            "aws_api_gateway_stage.api_discord",
            "aws_cloudwatch_log_group.logs",
            "aws_dynamodb_table.snapshots",
            "aws_dynamodb_table.tracking",
            "data.aws_caller_identity.current",
            "module.lambda_api_discord.aws_iam_role.execution_role",
            "module.lambda_api_discord.aws_lambda_function.main",
            "module.lambda_api_discord.data.archive_file.source_code",
            "module.lambda_api_discord.data.aws_iam_policy_document.execution_role_policy",
            "module.lambda_app_discord.aws_iam_role.execution_role",
            "module.lambda_app_discord.aws_lambda_function.main",
            "module.lambda_app_discord.aws_sqs_queue.sqs",
            "module.lambda_app_discord.data.archive_file.source_code",
            "module.lambda_app_discord.data.aws_iam_policy_document.execution_role_policy"
          ]
        }
      ]
    },
    {
      "mode": "managed",
      "type": "aws_api_gateway_resource",
      "name": "api_discord",
      "provider": "provider[\"registry.terraform.io/hashicorp/aws\"]",
      "instances": [
        {
          "schema_version": 0,
          "attributes": {
            "id": "srvx7q",
            "parent_id": "dytbq380tk",
            "path": "/interactions",
            "path_part": "interactions",
            "rest_api_id": "yvbrxg8q5a"
          },
          "sensitive_attributes": [],
          "private": "bnVsbA==",
          "dependencies": [
            "aws_api_gateway_rest_api.api_discord"
          ],
          "create_before_destroy": true
        }
      ]
    },
    {
      "mode": "managed",
      "type": "aws_api_gateway_rest_api",
      "name": "api_discord",
      "provider": "provider[\"registry.terraform.io/hashicorp/aws\"]",
      "instances": [
        {
          "schema_version": 0,
          "attributes": {
            "api_key_source": "HEADER",
            "arn": "arn:aws:apigateway:us-east-1::/restapis/yvbrxg8q5a",
            "binary_media_types": [],
            "body": null,
            "created_date": "2024-08-21T01:55:38Z",
            "description": "",
            "disable_execute_api_endpoint": false,
            "endpoint_configuration": [
              {
                "types": [
                  "REGIONAL"
                ],
                "vpc_endpoint_ids": []
              }
            ],
            "execution_arn": "arn:aws:execute-api:us-east-1:891377358302:yvbrxg8q5a",
            "fail_on_warnings": null,
            "id": "yvbrxg8q5a",
            "minimum_compression_size": "",
            "name": "qual-dffp-api-discord",
            "parameters": null,
            "policy": "",
            "put_rest_api_mode": null,
            "root_resource_id": "dytbq380tk",
            "tags": {},
            "tags_all": {
              "environment": "qual"
            }
          },
          "sensitive_attributes": [],
          "private": "bnVsbA==",
          "create_before_destroy": true
        }
      ]
    },
    {
      "mode": "managed",
      "type": "aws_api_gateway_stage",
      "name": "api_discord",
      "provider": "provider[\"registry.terraform.io/hashicorp/aws\"]",
      "instances": [
        {
          "schema_version": 0,
          "attributes": {
            "access_log_settings": [
              {
                "destination_arn": "arn:aws:logs:us-east-1:891377358302:log-group:qual-dffp-logs",
                "format": "$context.extendedRequestId"
              }
            ],
            "arn": "arn:aws:apigateway:us-east-1::/restapis/yvbrxg8q5a/stages/qual-dffp-api-discord",
            "cache_cluster_enabled": false,
            "cache_cluster_size": "",
            "canary_settings": [],
            "client_certificate_id": "",
            "deployment_id": "laishd",
            "description": "",
            "documentation_version": "",
            "execution_arn": "arn:aws:execute-api:us-east-1:891377358302:yvbrxg8q5a/qual-dffp-api-discord",
            "id": "ags-yvbrxg8q5a-qual-dffp-api-discord",
            "invoke_url": "https://yvbrxg8q5a.execute-api.us-east-1.amazonaws.com/qual-dffp-api-discord",
            "rest_api_id": "yvbrxg8q5a",
            "stage_name": "qual-dffp-api-discord",
            "tags": {},
            "tags_all": {
              "environment": "qual"
            },
            "variables": {},
            "web_acl_arn": "",
            "xray_tracing_enabled": false
          },
          "sensitive_attributes": [],
          "private": "bnVsbA==",
          "dependencies": [
            "aws_api_gateway_deployment.api_discord",
            "aws_api_gateway_integration.api_discord_get",
            "aws_api_gateway_integration.api_discord_option",
            "aws_api_gateway_integration.api_discord_post",
            "aws_api_gateway_integration_response.api_discord_options",
            "aws_api_gateway_method.api_discord_get",
            "aws_api_gateway_method.api_discord_option",
            "aws_api_gateway_method.api_discord_post",
            "aws_api_gateway_method_response.api_discord_get",
            "aws_api_gateway_method_response.api_discord_option",
            "aws_api_gateway_resource.api_discord",
            "aws_api_gateway_rest_api.api_discord",
            "aws_cloudwatch_log_group.logs",
            "aws_dynamodb_table.snapshots",
            "aws_dynamodb_table.tracking",
            "data.aws_caller_identity.current",
            "module.lambda_api_discord.aws_iam_role.execution_role",
            "module.lambda_api_discord.aws_lambda_function.main",
            "module.lambda_api_discord.data.archive_file.source_code",
            "module.lambda_api_discord.data.aws_iam_policy_document.execution_role_policy",
            "module.lambda_app_discord.aws_iam_role.execution_role",
            "module.lambda_app_discord.aws_lambda_function.main",
            "module.lambda_app_discord.aws_sqs_queue.sqs",
            "module.lambda_app_discord.data.archive_file.source_code",
            "module.lambda_app_discord.data.aws_iam_policy_document.execution_role_policy"
          ]
        }
      ]
    },
    {
      "mode": "managed",
      "type": "aws_cloudwatch_event_bus",
      "name": "bus",
      "provider": "provider[\"registry.terraform.io/hashicorp/aws\"]",
      "instances": [
        {
          "schema_version": 0,
          "attributes": {
            "arn": "arn:aws:events:us-east-1:891377358302:event-bus/qual-dffp-bus",
            "event_source_name": null,
            "id": "qual-dffp-bus",
            "name": "qual-dffp-bus",
            "tags": {},
            "tags_all": {
              "environment": "qual"
            }
          },
          "sensitive_attributes": [],
          "private": "bnVsbA=="
        }
      ]
    },
    {
      "mode": "managed",
      "type": "aws_cloudwatch_log_group",
      "name": "api_discord_logs",
      "provider": "provider[\"registry.terraform.io/hashicorp/aws\"]",
      "instances": [
        {
          "schema_version": 0,
          "attributes": {
            "arn": "arn:aws:logs:us-east-1:891377358302:log-group:API-Gateway-Execution-Logs_yvbrxg8q5a/qual-dffp-api-discord",
            "id": "API-Gateway-Execution-Logs_yvbrxg8q5a/qual-dffp-api-discord",
            "kms_key_id": "",
            "log_group_class": "STANDARD",
            "name": "API-Gateway-Execution-Logs_yvbrxg8q5a/qual-dffp-api-discord",
            "name_prefix": "",
            "retention_in_days": 7,
            "skip_destroy": false,
            "tags": {},
            "tags_all": {
              "environment": "qual"
            }
          },
          "sensitive_attributes": [],
          "private": "bnVsbA==",
          "dependencies": [
            "aws_api_gateway_deployment.api_discord",
            "aws_api_gateway_integration.api_discord_get",
            "aws_api_gateway_integration.api_discord_option",
            "aws_api_gateway_integration.api_discord_post",
            "aws_api_gateway_integration_response.api_discord_options",
            "aws_api_gateway_method.api_discord_get",
            "aws_api_gateway_method.api_discord_option",
            "aws_api_gateway_method.api_discord_post",
            "aws_api_gateway_method_response.api_discord_get",
            "aws_api_gateway_method_response.api_discord_option",
            "aws_api_gateway_resource.api_discord",
            "aws_api_gateway_rest_api.api_discord",
            "aws_api_gateway_stage.api_discord",
            "aws_cloudwatch_log_group.logs",
            "aws_dynamodb_table.snapshots",
            "aws_dynamodb_table.tracking",
            "data.aws_caller_identity.current",
            "module.lambda_api_discord.aws_iam_role.execution_role",
            "module.lambda_api_discord.aws_lambda_function.main",
            "module.lambda_api_discord.data.archive_file.source_code",
            "module.lambda_api_discord.data.aws_iam_policy_document.execution_role_policy",
            "module.lambda_app_discord.aws_iam_role.execution_role",
            "module.lambda_app_discord.aws_lambda_function.main",
            "module.lambda_app_discord.aws_sqs_queue.sqs",
            "module.lambda_app_discord.data.archive_file.source_code",
            "module.lambda_app_discord.data.aws_iam_policy_document.execution_role_policy"
          ]
        }
      ]
    },
    {
      "mode": "managed",
      "type": "aws_cloudwatch_log_group",
      "name": "logs",
      "provider": "provider[\"registry.terraform.io/hashicorp/aws\"]",
      "instances": [
        {
          "schema_version": 0,
          "attributes": {
            "arn": "arn:aws:logs:us-east-1:891377358302:log-group:qual-dffp-logs",
            "id": "qual-dffp-logs",
            "kms_key_id": "",
            "log_group_class": "STANDARD",
            "name": "qual-dffp-logs",
            "name_prefix": "",
            "retention_in_days": 7,
            "skip_destroy": false,
            "tags": {},
            "tags_all": {
              "environment": "qual"
            }
          },
          "sensitive_attributes": [],
          "private": "bnVsbA=="
        }
      ]
    },
    {
      "mode": "managed",
      "type": "aws_dynamodb_resource_policy",
      "name": "snapshots",
      "provider": "provider[\"registry.terraform.io/hashicorp/aws\"]",
      "instances": [
        {
          "schema_version": 0,
          "attributes": {
            "confirm_remove_self_resource_access": false,
            "id": "arn:aws:dynamodb:us-east-1:891377358302:table/qual-dffp-snapshots",
            "policy": "{\n  \"Version\": \"2012-10-17\",\n  \"Statement\": [\n    {\n      \"Effect\": \"Allow\",\n      \"Action\": \"dynamodb:*\",\n      \"Resource\": \"arn:aws:dynamodb:us-east-1:891377358302:table/qual-dffp-tracking\",\n      \"Principal\": {\n        \"AWS\": \"891377358302\"\n      }\n    }\n  ]\n}",
            "resource_arn": "arn:aws:dynamodb:us-east-1:891377358302:table/qual-dffp-snapshots",
            "revision_id": "1724451037795"
          },
          "sensitive_attributes": [],
          "dependencies": [
            "aws_dynamodb_table.snapshots",
            "aws_dynamodb_table.tracking",
            "data.aws_caller_identity.current",
            "data.aws_iam_policy_document.tracking"
          ]
        }
      ]
    },
    {
      "mode": "managed",
      "type": "aws_dynamodb_resource_policy",
      "name": "tracking",
      "provider": "provider[\"registry.terraform.io/hashicorp/aws\"]",
      "instances": [
        {
          "schema_version": 0,
          "attributes": {
            "confirm_remove_self_resource_access": false,
            "id": "arn:aws:dynamodb:us-east-1:891377358302:table/qual-dffp-tracking",
            "policy": "{\n  \"Version\": \"2012-10-17\",\n  \"Statement\": [\n    {\n      \"Effect\": \"Allow\",\n      \"Action\": \"dynamodb:*\",\n      \"Resource\": \"arn:aws:dynamodb:us-east-1:891377358302:table/qual-dffp-tracking\",\n      \"Principal\": {\n        \"AWS\": \"891377358302\"\n      }\n    }\n  ]\n}",
            "resource_arn": "arn:aws:dynamodb:us-east-1:891377358302:table/qual-dffp-tracking",
            "revision_id": "1724451037865"
          },
          "sensitive_attributes": [],
          "dependencies": [
            "aws_dynamodb_table.tracking",
            "data.aws_caller_identity.current",
            "data.aws_iam_policy_document.tracking"
          ]
        }
      ]
    },
    {
      "mode": "managed",
      "type": "aws_dynamodb_table",
      "name": "snapshots",
      "provider": "provider[\"registry.terraform.io/hashicorp/aws\"]",
      "instances": [
        {
          "schema_version": 1,
          "attributes": {
            "arn": "arn:aws:dynamodb:us-east-1:891377358302:table/qual-dffp-snapshots",
            "attribute": [
              {
                "name": "id",
                "type": "S"
              },
              {
                "name": "time",
                "type": "S"
              }
            ],
            "billing_mode": "PROVISIONED",
            "deletion_protection_enabled": false,
            "global_secondary_index": [],
            "hash_key": "id",
            "id": "qual-dffp-snapshots",
            "import_table": [],
            "local_secondary_index": [],
            "name": "qual-dffp-snapshots",
            "point_in_time_recovery": [
              {
                "enabled": false
              }
            ],
            "range_key": "time",
            "read_capacity": 4,
            "replica": [],
            "restore_date_time": null,
            "restore_source_name": null,
            "restore_to_latest_time": null,
            "server_side_encryption": [],
            "stream_arn": "",
            "stream_enabled": false,
            "stream_label": "",
            "stream_view_type": "",
            "table_class": "STANDARD",
            "tags": {},
            "tags_all": {
              "environment": "qual"
            },
            "timeouts": null,
            "ttl": [
              {
                "attribute_name": "",
                "enabled": false
              }
            ],
            "write_capacity": 4
          },
          "sensitive_attributes": [],
          "private": "eyJlMmJmYjczMC1lY2FhLTExZTYtOGY4OC0zNDM2M2JjN2M0YzAiOnsiY3JlYXRlIjoxODAwMDAwMDAwMDAwLCJkZWxldGUiOjYwMDAwMDAwMDAwMCwidXBkYXRlIjozNjAwMDAwMDAwMDAwfSwic2NoZW1hX3ZlcnNpb24iOiIxIn0=",
          "create_before_destroy": true
        }
      ]
    },
    {
      "mode": "managed",
      "type": "aws_dynamodb_table",
      "name": "tracking",
      "provider": "provider[\"registry.terraform.io/hashicorp/aws\"]",
      "instances": [
        {
          "schema_version": 1,
          "attributes": {
            "arn": "arn:aws:dynamodb:us-east-1:891377358302:table/qual-dffp-tracking",
            "attribute": [
              {
                "name": "type",
                "type": "S"
              }
            ],
            "billing_mode": "PROVISIONED",
            "deletion_protection_enabled": false,
            "global_secondary_index": [],
            "hash_key": "type",
            "id": "qual-dffp-tracking",
            "import_table": [],
            "local_secondary_index": [],
            "name": "qual-dffp-tracking",
            "point_in_time_recovery": [
              {
                "enabled": false
              }
            ],
            "range_key": null,
            "read_capacity": 1,
            "replica": [],
            "restore_date_time": null,
            "restore_source_name": null,
            "restore_to_latest_time": null,
            "server_side_encryption": [],
            "stream_arn": "",
            "stream_enabled": false,
            "stream_label": "",
            "stream_view_type": "",
            "table_class": "STANDARD",
            "tags": {},
            "tags_all": {
              "environment": "qual"
            },
            "timeouts": null,
            "ttl": [
              {
                "attribute_name": "",
                "enabled": false
              }
            ],
            "write_capacity": 1
          },
          "sensitive_attributes": [],
          "private": "eyJlMmJmYjczMC1lY2FhLTExZTYtOGY4OC0zNDM2M2JjN2M0YzAiOnsiY3JlYXRlIjoxODAwMDAwMDAwMDAwLCJkZWxldGUiOjYwMDAwMDAwMDAwMCwidXBkYXRlIjozNjAwMDAwMDAwMDAwfSwic2NoZW1hX3ZlcnNpb24iOiIxIn0=",
          "create_before_destroy": true
        }
      ]
    },
    {
      "mode": "managed",
      "type": "aws_iam_policy",
      "name": "schedule_policy",
      "provider": "provider[\"registry.terraform.io/hashicorp/aws\"]",
      "instances": [
        {
          "schema_version": 0,
          "attributes": {
            "arn": "arn:aws:iam::891377358302:policy/qual-dffp/schedule-policy",
            "attachment_count": 1,
            "description": "",
            "id": "arn:aws:iam::891377358302:policy/qual-dffp/schedule-policy",
            "name": "schedule-policy",
            "name_prefix": "",
            "path": "/qual-dffp/",
            "policy": "{\"Statement\":[{\"Action\":\"*\",\"Effect\":\"Allow\",\"Resource\":\"arn:aws:lambda:us-east-1:891377358302:function:qual-dffp-scheduler\"}],\"Version\":\"2012-10-17\"}",
            "policy_id": "ANPA47CR3CXPBNS37XME5",
            "tags": {},
            "tags_all": {
              "environment": "qual"
            }
          },
          "sensitive_attributes": [],
          "private": "bnVsbA==",
          "dependencies": [
            "aws_dynamodb_table.snapshots",
            "aws_dynamodb_table.tracking",
            "data.aws_caller_identity.current",
            "data.aws_iam_policy_document.schedule_policy",
            "module.lambda_poll_coc.aws_iam_role.execution_role",
            "module.lambda_poll_coc.aws_lambda_function.main",
            "module.lambda_poll_coc.aws_sqs_queue.sqs",
            "module.lambda_poll_coc.data.archive_file.source_code",
            "module.lambda_poll_coc.data.aws_iam_policy_document.execution_role_policy",
            "module.lambda_scheduler.aws_iam_role.execution_role",
            "module.lambda_scheduler.aws_lambda_function.main",
            "module.lambda_scheduler.data.archive_file.source_code",
            "module.lambda_scheduler.data.aws_iam_policy_document.execution_role_policy"
          ]
        }
      ]
    },
    {
      "mode": "managed",
      "type": "aws_iam_role",
      "name": "schedule_role",
      "provider": "provider[\"registry.terraform.io/hashicorp/aws\"]",
      "instances": [
        {
          "schema_version": 0,
          "attributes": {
            "arn": "arn:aws:iam::891377358302:role/qual-dffp/schedule-role",
            "assume_role_policy": "{\"Statement\":[{\"Action\":\"sts:AssumeRole\",\"Effect\":\"Allow\",\"Principal\":{\"AWS\":\"891377358302\",\"Service\":\"scheduler.amazonaws.com\"}}],\"Version\":\"2012-10-17\"}",
            "create_date": "2024-08-22T14:00:28Z",
            "description": "",
            "force_detach_policies": false,
            "id": "schedule-role",
            "inline_policy": [],
            "managed_policy_arns": [
              "arn:aws:iam::891377358302:policy/qual-dffp/schedule-policy"
            ],
            "max_session_duration": 3600,
            "name": "schedule-role",
            "name_prefix": "",
            "path": "/qual-dffp/",
            "permissions_boundary": "",
            "tags": {},
            "tags_all": {
              "environment": "qual"
            },
            "unique_id": "AROA47CR3CXPP5OZWLJ2J"
          },
          "sensitive_attributes": [],
          "private": "bnVsbA==",
          "dependencies": [
            "data.aws_caller_identity.current",
            "data.aws_iam_policy_document.schedule_role"
          ]
        }
      ]
    },
    {
      "mode": "managed",
      "type": "aws_iam_role_policy_attachment",
      "name": "schedule_policy",
      "provider": "provider[\"registry.terraform.io/hashicorp/aws\"]",
      "instances": [
        {
          "schema_version": 0,
          "attributes": {
            "id": "schedule-role-20240822140357924100000001",
            "policy_arn": "arn:aws:iam::891377358302:policy/qual-dffp/schedule-policy",
            "role": "schedule-role"
          },
          "sensitive_attributes": [],
          "private": "bnVsbA==",
          "dependencies": [
            "aws_dynamodb_table.snapshots",
            "aws_dynamodb_table.tracking",
            "aws_iam_policy.schedule_policy",
            "aws_iam_role.schedule_role",
            "data.aws_caller_identity.current",
            "data.aws_iam_policy_document.schedule_policy",
            "data.aws_iam_policy_document.schedule_role",
            "module.lambda_poll_coc.aws_iam_role.execution_role",
            "module.lambda_poll_coc.aws_lambda_function.main",
            "module.lambda_poll_coc.aws_sqs_queue.sqs",
            "module.lambda_poll_coc.data.archive_file.source_code",
            "module.lambda_poll_coc.data.aws_iam_policy_document.execution_role_policy",
            "module.lambda_scheduler.aws_iam_role.execution_role",
            "module.lambda_scheduler.aws_lambda_function.main",
            "module.lambda_scheduler.data.archive_file.source_code",
            "module.lambda_scheduler.data.aws_iam_policy_document.execution_role_policy"
          ]
        }
      ]
    },
    {
      "mode": "managed",
      "type": "aws_lambda_invocation",
      "name": "lambda_app_discord_deploy",
      "provider": "provider[\"registry.terraform.io/hashicorp/aws\"]",
      "instances": [
        {
          "schema_version": 0,
          "attributes": {
            "function_name": "qual-dffp-app-discord-deploy",
            "id": "qual-dffp-app-discord-deploy_$LATEST_99914b932bd37a50b983c5e7c90ae93b",
            "input": "{}",
            "lifecycle_scope": "CREATE_ONLY",
            "qualifier": "$LATEST",
            "result": "null",
            "terraform_key": "tf",
            "triggers": {
              "redeployment": "[\"51673f2f5d254042597041ae5de9cabd9b57e86fa4e77dd601c831bf907edd7c\"]"
            }
          },
          "sensitive_attributes": [],
          "private": "bnVsbA==",
          "dependencies": [
            "aws_dynamodb_table.snapshots",
            "aws_dynamodb_table.tracking",
            "data.aws_caller_identity.current",
            "module.lambda_app_discord_deploy.aws_iam_role.execution_role",
            "module.lambda_app_discord_deploy.aws_lambda_function.main",
            "module.lambda_app_discord_deploy.data.archive_file.source_code",
            "module.lambda_app_discord_deploy.data.aws_iam_policy_document.execution_role_policy"
          ]
        }
      ]
    },
    {
      "mode": "managed",
      "type": "aws_lambda_permission",
      "name": "api_discord_get",
      "provider": "provider[\"registry.terraform.io/hashicorp/aws\"]",
      "instances": [
        {
          "schema_version": 0,
          "attributes": {
            "action": "lambda:InvokeFunction",
            "event_source_token": null,
            "function_name": "qual-dffp-api-discord",
            "function_url_auth_type": null,
            "id": "terraform-20240825182224107700000003",
            "principal": "apigateway.amazonaws.com",
            "principal_org_id": null,
            "qualifier": "",
            "source_account": null,
            "source_arn": "arn:aws:execute-api:us-east-1:891377358302:yvbrxg8q5a/*/GET/interactions",
            "statement_id": "terraform-20240825182224107700000003",
            "statement_id_prefix": "terraform-"
          },
          "sensitive_attributes": [],
          "private": "bnVsbA==",
          "dependencies": [
            "aws_api_gateway_method.api_discord_get",
            "aws_api_gateway_resource.api_discord",
            "aws_api_gateway_rest_api.api_discord",
            "aws_dynamodb_table.snapshots",
            "aws_dynamodb_table.tracking",
            "data.aws_caller_identity.current",
            "module.lambda_api_discord.aws_iam_role.execution_role",
            "module.lambda_api_discord.aws_lambda_function.main",
            "module.lambda_api_discord.data.archive_file.source_code",
            "module.lambda_api_discord.data.aws_iam_policy_document.execution_role_policy",
            "module.lambda_app_discord.aws_iam_role.execution_role",
            "module.lambda_app_discord.aws_lambda_function.main",
            "module.lambda_app_discord.aws_sqs_queue.sqs",
            "module.lambda_app_discord.data.archive_file.source_code",
            "module.lambda_app_discord.data.aws_iam_policy_document.execution_role_policy"
          ]
        }
      ]
    },
    {
      "mode": "managed",
      "type": "aws_lambda_permission",
      "name": "api_discord_post",
      "provider": "provider[\"registry.terraform.io/hashicorp/aws\"]",
      "instances": [
        {
          "schema_version": 0,
          "attributes": {
            "action": "lambda:InvokeFunction",
            "event_source_token": null,
            "function_name": "qual-dffp-api-discord",
            "function_url_auth_type": null,
            "id": "terraform-20240825182224107800000004",
            "principal": "apigateway.amazonaws.com",
            "principal_org_id": null,
            "qualifier": "",
            "source_account": null,
            "source_arn": "arn:aws:execute-api:us-east-1:891377358302:yvbrxg8q5a/*/POST/interactions",
            "statement_id": "terraform-20240825182224107800000004",
            "statement_id_prefix": "terraform-"
          },
          "sensitive_attributes": [],
          "private": "bnVsbA==",
          "dependencies": [
            "aws_api_gateway_method.api_discord_post",
            "aws_api_gateway_resource.api_discord",
            "aws_api_gateway_rest_api.api_discord",
            "aws_dynamodb_table.snapshots",
            "aws_dynamodb_table.tracking",
            "data.aws_caller_identity.current",
            "module.lambda_api_discord.aws_iam_role.execution_role",
            "module.lambda_api_discord.aws_lambda_function.main",
            "module.lambda_api_discord.data.archive_file.source_code",
            "module.lambda_api_discord.data.aws_iam_policy_document.execution_role_policy",
            "module.lambda_app_discord.aws_iam_role.execution_role",
            "module.lambda_app_discord.aws_lambda_function.main",
            "module.lambda_app_discord.aws_sqs_queue.sqs",
            "module.lambda_app_discord.data.archive_file.source_code",
            "module.lambda_app_discord.data.aws_iam_policy_document.execution_role_policy"
          ]
        }
      ]
    },
    {
      "mode": "managed",
      "type": "aws_scheduler_schedule",
      "name": "schedule",
      "provider": "provider[\"registry.terraform.io/hashicorp/aws\"]",
      "instances": [
        {
          "schema_version": 0,
          "attributes": {
            "arn": "arn:aws:scheduler:us-east-1:891377358302:schedule/qual-dffp-schedule-group/qual-dffp-schedule",
            "description": "",
            "end_date": "",
            "flexible_time_window": [
              {
                "maximum_window_in_minutes": 0,
                "mode": "OFF"
              }
            ],
            "group_name": "qual-dffp-schedule-group",
            "id": "qual-dffp-schedule-group/qual-dffp-schedule",
            "kms_key_arn": "",
            "name": "qual-dffp-schedule",
            "name_prefix": "",
            "schedule_expression": "rate(15 minutes)",
            "schedule_expression_timezone": "UTC",
            "start_date": "",
            "state": "ENABLED",
            "target": [
              {
                "arn": "arn:aws:lambda:us-east-1:891377358302:function:qual-dffp-scheduler",
                "dead_letter_config": [],
                "ecs_parameters": [],
                "eventbridge_parameters": [],
                "input": "",
                "kinesis_parameters": [],
                "retry_policy": [
                  {
                    "maximum_event_age_in_seconds": 86400,
                    "maximum_retry_attempts": 185
                  }
                ],
                "role_arn": "arn:aws:iam::891377358302:role/qual-dffp/schedule-role",
                "sagemaker_pipeline_parameters": [],
                "sqs_parameters": []
              }
            ]
          },
          "sensitive_attributes": [],
          "private": "bnVsbA==",
          "dependencies": [
            "aws_dynamodb_table.snapshots",
            "aws_dynamodb_table.tracking",
            "aws_iam_role.schedule_role",
            "aws_scheduler_schedule_group.schedule_group",
            "data.aws_caller_identity.current",
            "data.aws_iam_policy_document.schedule_role",
            "module.lambda_poll_coc.aws_iam_role.execution_role",
            "module.lambda_poll_coc.aws_lambda_function.main",
            "module.lambda_poll_coc.aws_sqs_queue.sqs",
            "module.lambda_poll_coc.data.archive_file.source_code",
            "module.lambda_poll_coc.data.aws_iam_policy_document.execution_role_policy",
            "module.lambda_scheduler.aws_iam_role.execution_role",
            "module.lambda_scheduler.aws_lambda_function.main",
            "module.lambda_scheduler.data.archive_file.source_code",
            "module.lambda_scheduler.data.aws_iam_policy_document.execution_role_policy"
          ]
        }
      ]
    },
    {
      "mode": "managed",
      "type": "aws_scheduler_schedule_group",
      "name": "schedule_group",
      "provider": "provider[\"registry.terraform.io/hashicorp/aws\"]",
      "instances": [
        {
          "schema_version": 0,
          "attributes": {
            "arn": "arn:aws:scheduler:us-east-1:891377358302:schedule-group/qual-dffp-schedule-group",
            "creation_date": "2024-08-22T13:59:42Z",
            "id": "qual-dffp-schedule-group",
            "last_modification_date": "2024-08-22T13:59:42Z",
            "name": "qual-dffp-schedule-group",
            "name_prefix": "",
            "state": "ACTIVE",
            "tags": {},
            "tags_all": {
              "environment": "qual"
            },
            "timeouts": null
          },
          "sensitive_attributes": [],
          "private": "eyJlMmJmYjczMC1lY2FhLTExZTYtOGY4OC0zNDM2M2JjN2M0YzAiOnsiY3JlYXRlIjozMDAwMDAwMDAwMDAsImRlbGV0ZSI6MzAwMDAwMDAwMDAwfX0="
        }
      ]
    },
    {
      "module": "module.lambda_api_discord",
      "mode": "data",
      "type": "archive_file",
      "name": "source_code",
      "provider": "provider[\"registry.terraform.io/hashicorp/archive\"]",
      "instances": [
        {
          "schema_version": 0,
          "attributes": {
            "exclude_symlink_directories": null,
            "excludes": null,
            "id": "ceb2effb88687a38e244fdd90f069af47f72fd58",
            "output_base64sha256": "k9ubW7NKb3RJAVvFJZuZVONfrTBstTJ/KM+UpxHrerg=",
            "output_base64sha512": "P682Dw96vllcyDKptGr7GiOixRuzppfi9UD/IAztld6kS8MaRX3qYw+8KRdUCwj75XoNbB2RNxT+VlkvztdwAg==",
            "output_file_mode": null,
            "output_md5": "f27135ea20bd52c2a00af3eb948c828f",
            "output_path": "./.terraform/api_discord.zip",
            "output_sha": "ceb2effb88687a38e244fdd90f069af47f72fd58",
            "output_sha256": "93db9b5bb34a6f7449015bc5259b9954e35fad306cb5327f28cf94a711eb7ab8",
            "output_sha512": "3faf360f0f7abe595cc832a9b46afb1a23a2c51bb3a697e2f540ff200ced95dea44bc31a457dea630fbc2917540b08fbe57a0d6c1d913714fe56592fced77002",
            "output_size": 52401,
            "source": [],
            "source_content": null,
            "source_content_filename": null,
            "source_dir": ".././dist/api_discord",
            "source_file": null,
            "type": "zip"
          },
          "sensitive_attributes": []
        }
      ]
    },
    {
      "module": "module.lambda_api_discord",
      "mode": "data",
      "type": "aws_iam_policy_document",
      "name": "execution_role_policy",
      "provider": "provider[\"registry.terraform.io/hashicorp/aws\"]",
      "instances": [
        {
          "schema_version": 0,
          "attributes": {
            "id": "3263289267",
            "json": "{\n  \"Version\": \"2012-10-17\",\n  \"Statement\": [\n    {\n      \"Effect\": \"Allow\",\n      \"Action\": \"sts:AssumeRole\",\n      \"Principal\": {\n        \"AWS\": \"891377358302\",\n        \"Service\": \"lambda.amazonaws.com\"\n      }\n    }\n  ]\n}",
            "minified_json": "{\"Version\":\"2012-10-17\",\"Statement\":[{\"Effect\":\"Allow\",\"Action\":\"sts:AssumeRole\",\"Principal\":{\"AWS\":\"891377358302\",\"Service\":\"lambda.amazonaws.com\"}}]}",
            "override_json": null,
            "override_policy_documents": null,
            "policy_id": null,
            "source_json": null,
            "source_policy_documents": null,
            "statement": [
              {
                "actions": [
                  "sts:AssumeRole"
                ],
                "condition": [],
                "effect": "Allow",
                "not_actions": [],
                "not_principals": [],
                "not_resources": [],
                "principals": [
                  {
                    "identifiers": [
                      "891377358302"
                    ],
                    "type": "AWS"
                  },
                  {
                    "identifiers": [
                      "lambda.amazonaws.com"
                    ],
                    "type": "Service"
                  }
                ],
                "resources": [],
                "sid": ""
              }
            ],
            "version": "2012-10-17"
          },
          "sensitive_attributes": []
        }
      ]
    },
    {
      "module": "module.lambda_api_discord",
      "mode": "managed",
      "type": "aws_cloudwatch_log_group",
      "name": "logs",
      "provider": "provider[\"registry.terraform.io/hashicorp/aws\"]",
      "instances": [
        {
          "schema_version": 0,
          "attributes": {
            "arn": "arn:aws:logs:us-east-1:891377358302:log-group:/aws/lambda/qual-dffp-api-discord",
            "id": "/aws/lambda/qual-dffp-api-discord",
            "kms_key_id": "",
            "log_group_class": "STANDARD",
            "name": "/aws/lambda/qual-dffp-api-discord",
            "name_prefix": "",
            "retention_in_days": 7,
            "skip_destroy": false,
            "tags": {},
            "tags_all": {
              "environment": "qual"
            }
          },
          "sensitive_attributes": [],
          "private": "bnVsbA=="
        }
      ]
    },
    {
      "module": "module.lambda_api_discord",
      "mode": "managed",
      "type": "aws_iam_policy",
      "name": "execution_policy",
      "provider": "provider[\"registry.terraform.io/hashicorp/aws\"]",
      "instances": [
        {
          "schema_version": 0,
          "attributes": {
            "arn": "arn:aws:iam::891377358302:policy/qual-dffp-api-discord-execution-policy",
            "attachment_count": 1,
            "description": "",
            "id": "arn:aws:iam::891377358302:policy/qual-dffp-api-discord-execution-policy",
            "name": "qual-dffp-api-discord-execution-policy",
            "name_prefix": "",
            "path": "/",
            "policy": "{\"Statement\":[{\"Action\":[\"logs:PutLogEvents\",\"logs:CreateLogStream\"],\"Effect\":\"Allow\",\"Resource\":\"arn:aws:logs:*:*:*\"},{\"Action\":\"*\",\"Effect\":\"Allow\",\"Resource\":\"*\"}],\"Version\":\"2012-10-17\"}",
            "policy_id": "ANPA47CR3CXPAMGO5PSQB",
            "tags": {},
            "tags_all": {
              "environment": "qual"
            }
          },
          "sensitive_attributes": [],
          "private": "bnVsbA==",
          "dependencies": [
            "data.aws_iam_policy_document.lambda_api_discord"
          ]
        }
      ]
    },
    {
      "module": "module.lambda_api_discord",
      "mode": "managed",
      "type": "aws_iam_role",
      "name": "execution_role",
      "provider": "provider[\"registry.terraform.io/hashicorp/aws\"]",
      "instances": [
        {
          "schema_version": 0,
          "attributes": {
            "arn": "arn:aws:iam::891377358302:role/qual-dffp-api-discord-execution-role",
            "assume_role_policy": "{\"Statement\":[{\"Action\":\"sts:AssumeRole\",\"Effect\":\"Allow\",\"Principal\":{\"AWS\":\"891377358302\",\"Service\":\"lambda.amazonaws.com\"}}],\"Version\":\"2012-10-17\"}",
            "create_date": "2024-09-03T01:17:26Z",
            "description": "",
            "force_detach_policies": false,
            "id": "qual-dffp-api-discord-execution-role",
            "inline_policy": [],
            "managed_policy_arns": [
              "arn:aws:iam::891377358302:policy/qual-dffp-api-discord-execution-policy"
            ],
            "max_session_duration": 3600,
            "name": "qual-dffp-api-discord-execution-role",
            "name_prefix": "",
            "path": "/",
            "permissions_boundary": "",
            "tags": {},
            "tags_all": {
              "environment": "qual"
            },
            "unique_id": "AROA47CR3CXPHUML3BE4L"
          },
          "sensitive_attributes": [],
          "private": "bnVsbA==",
          "dependencies": [
            "data.aws_caller_identity.current",
            "module.lambda_api_discord.data.aws_iam_policy_document.execution_role_policy"
          ],
          "create_before_destroy": true
        }
      ]
    },
    {
      "module": "module.lambda_api_discord",
      "mode": "managed",
      "type": "aws_iam_role_policy_attachment",
      "name": "custom_policy",
      "provider": "provider[\"registry.terraform.io/hashicorp/aws\"]",
      "instances": [
        {
          "schema_version": 0,
          "attributes": {
            "id": "qual-dffp-api-discord-execution-role-20240903011727141500000002",
            "policy_arn": "arn:aws:iam::891377358302:policy/qual-dffp-api-discord-execution-policy",
            "role": "qual-dffp-api-discord-execution-role"
          },
          "sensitive_attributes": [],
          "private": "bnVsbA==",
          "dependencies": [
            "data.aws_caller_identity.current",
            "data.aws_iam_policy_document.lambda_api_discord",
            "module.lambda_api_discord.aws_iam_policy.execution_policy",
            "module.lambda_api_discord.aws_iam_role.execution_role",
            "module.lambda_api_discord.data.aws_iam_policy_document.execution_role_policy"
          ]
        }
      ]
    },
    {
      "module": "module.lambda_api_discord",
      "mode": "managed",
      "type": "aws_lambda_function",
      "name": "main",
      "provider": "provider[\"registry.terraform.io/hashicorp/aws\"]",
      "instances": [
        {
          "schema_version": 0,
          "attributes": {
            "architectures": [
              "arm64"
            ],
            "arn": "arn:aws:lambda:us-east-1:891377358302:function:qual-dffp-api-discord",
            "code_sha256": "k9ubW7NKb3RJAVvFJZuZVONfrTBstTJ/KM+UpxHrerg=",
            "code_signing_config_arn": "",
            "dead_letter_config": [],
            "description": "",
            "environment": [
              {
                "variables": {
                  "DDB_SNAPSHOTS": "qual-dffp-snapshots",
                  "DDB_TRACKING": "qual-dffp-tracking",
                  "LAMBDA_ENV": "qual",
                  "NODE_OPTIONS": "--enable-source-maps",
                  "SQS_APP_DISCORD": "https://sqs.us-east-1.amazonaws.com/891377358302/qual-dffp-app-discord-sqs"
                }
              }
            ],
            "ephemeral_storage": [
              {
                "size": 512
              }
            ],
            "file_system_config": [],
            "filename": "./.terraform/api_discord.zip",
            "function_name": "qual-dffp-api-discord",
            "handler": "index.handler",
            "id": "qual-dffp-api-discord",
            "image_config": [],
            "image_uri": "",
            "invoke_arn": "arn:aws:apigateway:us-east-1:lambda:path/2015-03-31/functions/arn:aws:lambda:us-east-1:891377358302:function:qual-dffp-api-discord/invocations",
            "kms_key_arn": "",
            "last_modified": "2024-09-04T04:43:24.000+0000",
            "layers": [],
            "logging_config": [
              {
                "application_log_level": "",
                "log_format": "Text",
                "log_group": "/aws/lambda/qual-dffp-api-discord",
                "system_log_level": ""
              }
            ],
            "memory_size": 128,
            "package_type": "Zip",
            "publish": false,
            "qualified_arn": "arn:aws:lambda:us-east-1:891377358302:function:qual-dffp-api-discord:$LATEST",
            "qualified_invoke_arn": "arn:aws:apigateway:us-east-1:lambda:path/2015-03-31/functions/arn:aws:lambda:us-east-1:891377358302:function:qual-dffp-api-discord:$LATEST/invocations",
            "replace_security_groups_on_destroy": null,
            "replacement_security_group_ids": null,
            "reserved_concurrent_executions": -1,
            "role": "arn:aws:iam::891377358302:role/qual-dffp-api-discord-execution-role",
            "runtime": "nodejs20.x",
            "s3_bucket": null,
            "s3_key": null,
            "s3_object_version": null,
            "signing_job_arn": "",
            "signing_profile_version_arn": "",
            "skip_destroy": false,
            "snap_start": [],
            "source_code_hash": "93db9b5bb34a6f7449015bc5259b9954e35fad306cb5327f28cf94a711eb7ab8",
            "source_code_size": 52401,
            "tags": {},
            "tags_all": {
              "environment": "qual"
            },
            "timeout": 300,
            "timeouts": null,
            "tracing_config": [
              {
                "mode": "PassThrough"
              }
            ],
            "version": "$LATEST",
            "vpc_config": []
          },
          "sensitive_attributes": [],
          "private": "eyJlMmJmYjczMC1lY2FhLTExZTYtOGY4OC0zNDM2M2JjN2M0YzAiOnsiY3JlYXRlIjo2MDAwMDAwMDAwMDAsImRlbGV0ZSI6NjAwMDAwMDAwMDAwLCJ1cGRhdGUiOjYwMDAwMDAwMDAwMH19",
          "dependencies": [
            "aws_dynamodb_table.snapshots",
            "aws_dynamodb_table.tracking",
            "data.aws_caller_identity.current",
            "module.lambda_api_discord.aws_iam_role.execution_role",
            "module.lambda_api_discord.data.archive_file.source_code",
            "module.lambda_api_discord.data.aws_iam_policy_document.execution_role_policy",
            "module.lambda_app_discord.aws_iam_role.execution_role",
            "module.lambda_app_discord.aws_lambda_function.main",
            "module.lambda_app_discord.aws_sqs_queue.sqs",
            "module.lambda_app_discord.data.archive_file.source_code",
            "module.lambda_app_discord.data.aws_iam_policy_document.execution_role_policy"
          ],
          "create_before_destroy": true
        }
      ]
    },
    {
      "module": "module.lambda_app_discord",
      "mode": "data",
      "type": "archive_file",
      "name": "source_code",
      "provider": "provider[\"registry.terraform.io/hashicorp/archive\"]",
      "instances": [
        {
          "schema_version": 0,
          "attributes": {
            "exclude_symlink_directories": null,
            "excludes": null,
            "id": "23fd6896ce4513eb261d53af279fc59fc3934d87",
            "output_base64sha256": "POCd4zZKyIvWxa8HWJaNruluEy01XSSxRa2ygHixRBk=",
            "output_base64sha512": "rynzkUS2HPQmssly1jbkUU3AEB5NVCTZ4SHWqLTgSiU1TTjAbtnKJIHXrEokloq/zFsJIJUzSiA/16UWbzrYnA==",
            "output_file_mode": null,
            "output_md5": "64875d7419e0111239c8ea6fee0e1cc8",
            "output_path": "./.terraform/app_discord.zip",
            "output_sha": "23fd6896ce4513eb261d53af279fc59fc3934d87",
            "output_sha256": "3ce09de3364ac88bd6c5af0758968daee96e132d355d24b145adb28078b14419",
            "output_sha512": "af29f39144b61cf426b2c972d636e4514dc0101e4d5424d9e121d6a8b4e04a25354d38c06ed9ca2481d7ac4a24968abfcc5b092095334a203fd7a5166f3ad89c",
            "output_size": 835787,
            "source": [],
            "source_content": null,
            "source_content_filename": null,
            "source_dir": ".././dist/app_discord",
            "source_file": null,
            "type": "zip"
          },
          "sensitive_attributes": []
        }
      ]
    },
    {
      "module": "module.lambda_app_discord",
      "mode": "data",
      "type": "aws_iam_policy_document",
      "name": "execution_role_policy",
      "provider": "provider[\"registry.terraform.io/hashicorp/aws\"]",
      "instances": [
        {
          "schema_version": 0,
          "attributes": {
            "id": "3263289267",
            "json": "{\n  \"Version\": \"2012-10-17\",\n  \"Statement\": [\n    {\n      \"Effect\": \"Allow\",\n      \"Action\": \"sts:AssumeRole\",\n      \"Principal\": {\n        \"AWS\": \"891377358302\",\n        \"Service\": \"lambda.amazonaws.com\"\n      }\n    }\n  ]\n}",
            "minified_json": "{\"Version\":\"2012-10-17\",\"Statement\":[{\"Effect\":\"Allow\",\"Action\":\"sts:AssumeRole\",\"Principal\":{\"AWS\":\"891377358302\",\"Service\":\"lambda.amazonaws.com\"}}]}",
            "override_json": null,
            "override_policy_documents": null,
            "policy_id": null,
            "source_json": null,
            "source_policy_documents": null,
            "statement": [
              {
                "actions": [
                  "sts:AssumeRole"
                ],
                "condition": [],
                "effect": "Allow",
                "not_actions": [],
                "not_principals": [],
                "not_resources": [],
                "principals": [
                  {
                    "identifiers": [
                      "891377358302"
                    ],
                    "type": "AWS"
                  },
                  {
                    "identifiers": [
                      "lambda.amazonaws.com"
                    ],
                    "type": "Service"
                  }
                ],
                "resources": [],
                "sid": ""
              }
            ],
            "version": "2012-10-17"
          },
          "sensitive_attributes": []
        }
      ]
    },
    {
      "module": "module.lambda_app_discord",
      "mode": "data",
      "type": "aws_iam_policy_document",
      "name": "sqs",
      "provider": "provider[\"registry.terraform.io/hashicorp/aws\"]",
      "instances": [
        {
          "index_key": 0,
          "schema_version": 0,
          "attributes": {
            "id": "1569493208",
            "json": "{\n  \"Version\": \"2012-10-17\",\n  \"Statement\": [\n    {\n      \"Effect\": \"Allow\",\n      \"Action\": \"sqs:SendMessage\",\n      \"Resource\": \"arn:aws:sqs:us-east-1:891377358302:qual-dffp-app-discord-sqs\",\n      \"Principal\": \"*\",\n      \"Condition\": {\n        \"ArnEquals\": {\n          \"aws:SourceArn\": \"arn:aws:lambda:us-east-1:891377358302:function:qual-dffp-api-discord\"\n        }\n      }\n    }\n  ]\n}",
            "minified_json": "{\"Version\":\"2012-10-17\",\"Statement\":[{\"Effect\":\"Allow\",\"Action\":\"sqs:SendMessage\",\"Resource\":\"arn:aws:sqs:us-east-1:891377358302:qual-dffp-app-discord-sqs\",\"Principal\":\"*\",\"Condition\":{\"ArnEquals\":{\"aws:SourceArn\":\"arn:aws:lambda:us-east-1:891377358302:function:qual-dffp-api-discord\"}}}]}",
            "override_json": null,
            "override_policy_documents": null,
            "policy_id": null,
            "source_json": null,
            "source_policy_documents": null,
            "statement": [
              {
                "actions": [
                  "sqs:SendMessage"
                ],
                "condition": [
                  {
                    "test": "ArnEquals",
                    "values": [
                      "arn:aws:lambda:us-east-1:891377358302:function:qual-dffp-api-discord"
                    ],
                    "variable": "aws:SourceArn"
                  }
                ],
                "effect": "Allow",
                "not_actions": [],
                "not_principals": [],
                "not_resources": [],
                "principals": [
                  {
                    "identifiers": [
                      "*"
                    ],
                    "type": "*"
                  }
                ],
                "resources": [
                  "arn:aws:sqs:us-east-1:891377358302:qual-dffp-app-discord-sqs"
                ],
                "sid": ""
              }
            ],
            "version": "2012-10-17"
          },
          "sensitive_attributes": []
        }
      ]
    },
    {
      "module": "module.lambda_app_discord",
      "mode": "managed",
      "type": "aws_cloudwatch_log_group",
      "name": "logs",
      "provider": "provider[\"registry.terraform.io/hashicorp/aws\"]",
      "instances": [
        {
          "schema_version": 0,
          "attributes": {
            "arn": "arn:aws:logs:us-east-1:891377358302:log-group:/aws/lambda/qual-dffp-app-discord",
            "id": "/aws/lambda/qual-dffp-app-discord",
            "kms_key_id": "",
            "log_group_class": "STANDARD",
            "name": "/aws/lambda/qual-dffp-app-discord",
            "name_prefix": "",
            "retention_in_days": 7,
            "skip_destroy": false,
            "tags": {},
            "tags_all": {
              "environment": "qual"
            }
          },
          "sensitive_attributes": [],
          "private": "bnVsbA=="
        }
      ]
    },
    {
      "module": "module.lambda_app_discord",
      "mode": "managed",
      "type": "aws_iam_policy",
      "name": "execution_policy",
      "provider": "provider[\"registry.terraform.io/hashicorp/aws\"]",
      "instances": [
        {
          "schema_version": 0,
          "attributes": {
            "arn": "arn:aws:iam::891377358302:policy/qual-dffp-app-discord-execution-policy",
            "attachment_count": 1,
            "description": "",
            "id": "arn:aws:iam::891377358302:policy/qual-dffp-app-discord-execution-policy",
            "name": "qual-dffp-app-discord-execution-policy",
            "name_prefix": "",
            "path": "/",
            "policy": "{\"Statement\":[{\"Action\":[\"logs:PutLogEvents\",\"logs:CreateLogStream\"],\"Effect\":\"Allow\",\"Resource\":\"arn:aws:logs:*:*:*\"},{\"Action\":\"*\",\"Effect\":\"Allow\",\"Resource\":\"*\"}],\"Version\":\"2012-10-17\"}",
            "policy_id": "ANPA47CR3CXPIGOOS7LLR",
            "tags": {},
            "tags_all": {
              "environment": "qual"
            }
          },
          "sensitive_attributes": [],
          "private": "bnVsbA==",
          "dependencies": [
            "data.aws_iam_policy_document.lambda_app_discord"
          ]
        }
      ]
    },
    {
      "module": "module.lambda_app_discord",
      "mode": "managed",
      "type": "aws_iam_role",
      "name": "execution_role",
      "provider": "provider[\"registry.terraform.io/hashicorp/aws\"]",
      "instances": [
        {
          "schema_version": 0,
          "attributes": {
            "arn": "arn:aws:iam::891377358302:role/qual-dffp-app-discord-execution-role",
            "assume_role_policy": "{\"Statement\":[{\"Action\":\"sts:AssumeRole\",\"Effect\":\"Allow\",\"Principal\":{\"AWS\":\"891377358302\",\"Service\":\"lambda.amazonaws.com\"}}],\"Version\":\"2012-10-17\"}",
            "create_date": "2024-09-03T01:17:26Z",
            "description": "",
            "force_detach_policies": false,
            "id": "qual-dffp-app-discord-execution-role",
            "inline_policy": [],
            "managed_policy_arns": [
              "arn:aws:iam::891377358302:policy/qual-dffp-app-discord-execution-policy"
            ],
            "max_session_duration": 3600,
            "name": "qual-dffp-app-discord-execution-role",
            "name_prefix": "",
            "path": "/",
            "permissions_boundary": "",
            "tags": {},
            "tags_all": {
              "environment": "qual"
            },
            "unique_id": "AROA47CR3CXPDUQLHA77L"
          },
          "sensitive_attributes": [],
          "private": "bnVsbA==",
          "dependencies": [
            "data.aws_caller_identity.current",
            "module.lambda_app_discord.data.aws_iam_policy_document.execution_role_policy"
          ],
          "create_before_destroy": true
        }
      ]
    },
    {
      "module": "module.lambda_app_discord",
      "mode": "managed",
      "type": "aws_iam_role_policy_attachment",
      "name": "custom_policy",
      "provider": "provider[\"registry.terraform.io/hashicorp/aws\"]",
      "instances": [
        {
          "schema_version": 0,
          "attributes": {
            "id": "qual-dffp-app-discord-execution-role-20240903011727158300000005",
            "policy_arn": "arn:aws:iam::891377358302:policy/qual-dffp-app-discord-execution-policy",
            "role": "qual-dffp-app-discord-execution-role"
          },
          "sensitive_attributes": [],
          "private": "bnVsbA==",
          "dependencies": [
            "data.aws_caller_identity.current",
            "data.aws_iam_policy_document.lambda_app_discord",
            "module.lambda_app_discord.aws_iam_policy.execution_policy",
            "module.lambda_app_discord.aws_iam_role.execution_role",
            "module.lambda_app_discord.data.aws_iam_policy_document.execution_role_policy"
          ]
        }
      ]
    },
    {
      "module": "module.lambda_app_discord",
      "mode": "managed",
      "type": "aws_lambda_event_source_mapping",
      "name": "sqs",
      "provider": "provider[\"registry.terraform.io/hashicorp/aws\"]",
      "instances": [
        {
          "index_key": 0,
          "schema_version": 0,
          "attributes": {
            "amazon_managed_kafka_event_source_config": [],
            "batch_size": 10,
            "bisect_batch_on_function_error": false,
            "destination_config": [],
            "document_db_event_source_config": [],
            "enabled": true,
            "event_source_arn": "arn:aws:sqs:us-east-1:891377358302:qual-dffp-app-discord-sqs",
            "filter_criteria": [],
            "function_arn": "arn:aws:lambda:us-east-1:891377358302:function:qual-dffp-app-discord",
            "function_name": "arn:aws:lambda:us-east-1:891377358302:function:qual-dffp-app-discord",
            "function_response_types": [],
            "id": "a21c9c1d-4ae6-4abb-8abe-fe91deddfe0d",
            "last_modified": "2024-08-25T22:54:57Z",
            "last_processing_result": "",
            "maximum_batching_window_in_seconds": 0,
            "maximum_record_age_in_seconds": 0,
            "maximum_retry_attempts": 0,
            "parallelization_factor": 0,
            "queues": [],
            "scaling_config": [],
            "self_managed_event_source": [],
            "self_managed_kafka_event_source_config": [],
            "source_access_configuration": [],
            "starting_position": "",
            "starting_position_timestamp": "",
            "state": "Enabled",
            "state_transition_reason": "USER_INITIATED",
            "topics": [],
            "tumbling_window_in_seconds": 0,
            "uuid": "a21c9c1d-4ae6-4abb-8abe-fe91deddfe0d"
          },
          "sensitive_attributes": [],
          "private": "bnVsbA==",
          "dependencies": [
            "aws_dynamodb_table.snapshots",
            "aws_dynamodb_table.tracking",
            "data.aws_caller_identity.current",
            "module.lambda_app_discord.aws_iam_role.execution_role",
            "module.lambda_app_discord.aws_lambda_function.main",
            "module.lambda_app_discord.aws_sqs_queue.sqs",
            "module.lambda_app_discord.data.archive_file.source_code",
            "module.lambda_app_discord.data.aws_iam_policy_document.execution_role_policy"
          ]
        }
      ]
    },
    {
      "module": "module.lambda_app_discord",
      "mode": "managed",
      "type": "aws_lambda_function",
      "name": "main",
      "provider": "provider[\"registry.terraform.io/hashicorp/aws\"]",
      "instances": [
        {
          "schema_version": 0,
          "attributes": {
            "architectures": [
              "arm64"
            ],
            "arn": "arn:aws:lambda:us-east-1:891377358302:function:qual-dffp-app-discord",
            "code_sha256": "NwlnqE1l6p1IHf1/g9jy5Wwyqjd4Ks/fr7sRDVn51RQ=",
            "code_signing_config_arn": "",
            "dead_letter_config": [],
            "description": "",
            "environment": [
              {
                "variables": {
                  "DDB_SNAPSHOTS": "qual-dffp-snapshots",
                  "DDB_TRACKING": "qual-dffp-tracking",
                  "LAMBDA_ENV": "qual",
                  "NODE_OPTIONS": "--enable-source-maps"
                }
              }
            ],
            "ephemeral_storage": [
              {
                "size": 512
              }
            ],
            "file_system_config": [],
            "filename": "./.terraform/app_discord.zip",
            "function_name": "qual-dffp-app-discord",
            "handler": "index.handler",
            "id": "qual-dffp-app-discord",
            "image_config": [],
            "image_uri": "",
            "invoke_arn": "arn:aws:apigateway:us-east-1:lambda:path/2015-03-31/functions/arn:aws:lambda:us-east-1:891377358302:function:qual-dffp-app-discord/invocations",
            "kms_key_arn": "",
            "last_modified": "2024-09-05T08:03:43.000+0000",
            "layers": [],
            "logging_config": [
              {
                "application_log_level": "",
                "log_format": "Text",
                "log_group": "/aws/lambda/qual-dffp-app-discord",
                "system_log_level": ""
              }
            ],
            "memory_size": 1024,
            "package_type": "Zip",
            "publish": false,
            "qualified_arn": "arn:aws:lambda:us-east-1:891377358302:function:qual-dffp-app-discord:$LATEST",
            "qualified_invoke_arn": "arn:aws:apigateway:us-east-1:lambda:path/2015-03-31/functions/arn:aws:lambda:us-east-1:891377358302:function:qual-dffp-app-discord:$LATEST/invocations",
            "replace_security_groups_on_destroy": null,
            "replacement_security_group_ids": null,
            "reserved_concurrent_executions": -1,
            "role": "arn:aws:iam::891377358302:role/qual-dffp-app-discord-execution-role",
            "runtime": "nodejs20.x",
            "s3_bucket": null,
            "s3_key": null,
            "s3_object_version": null,
            "signing_job_arn": "",
            "signing_profile_version_arn": "",
            "skip_destroy": false,
            "snap_start": [],
            "source_code_hash": "3ce09de3364ac88bd6c5af0758968daee96e132d355d24b145adb28078b14419",
            "source_code_size": 835872,
            "tags": {},
            "tags_all": {
              "environment": "qual"
            },
            "timeout": 300,
            "timeouts": null,
            "tracing_config": [
              {
                "mode": "PassThrough"
              }
            ],
            "version": "$LATEST",
            "vpc_config": []
          },
          "sensitive_attributes": [],
          "private": "eyJlMmJmYjczMC1lY2FhLTExZTYtOGY4OC0zNDM2M2JjN2M0YzAiOnsiY3JlYXRlIjo2MDAwMDAwMDAwMDAsImRlbGV0ZSI6NjAwMDAwMDAwMDAwLCJ1cGRhdGUiOjYwMDAwMDAwMDAwMH19",
          "dependencies": [
            "aws_dynamodb_table.snapshots",
            "aws_dynamodb_table.tracking",
            "data.aws_caller_identity.current",
            "module.lambda_app_discord.aws_iam_role.execution_role",
            "module.lambda_app_discord.data.archive_file.source_code",
            "module.lambda_app_discord.data.aws_iam_policy_document.execution_role_policy"
          ]
        }
      ]
    },
    {
      "module": "module.lambda_app_discord",
      "mode": "managed",
      "type": "aws_lambda_permission",
      "name": "sqs",
      "provider": "provider[\"registry.terraform.io/hashicorp/aws\"]",
      "instances": [
        {
          "index_key": 0,
          "schema_version": 0,
          "attributes": {
            "action": "lambda:InvokeFunction",
            "event_source_token": null,
            "function_name": "arn:aws:lambda:us-east-1:891377358302:function:qual-dffp-app-discord",
            "function_url_auth_type": null,
            "id": "terraform-20240825225113010100000002",
            "principal": "sqs.amazonaws.com",
            "principal_org_id": null,
            "qualifier": "",
            "source_account": null,
            "source_arn": "arn:aws:sqs:us-east-1:891377358302:qual-dffp-app-discord-sqs",
            "statement_id": "terraform-20240825225113010100000002",
            "statement_id_prefix": "terraform-"
          },
          "sensitive_attributes": [],
          "private": "bnVsbA==",
          "dependencies": [
            "aws_dynamodb_table.snapshots",
            "aws_dynamodb_table.tracking",
            "data.aws_caller_identity.current",
            "module.lambda_app_discord.aws_iam_role.execution_role",
            "module.lambda_app_discord.aws_lambda_function.main",
            "module.lambda_app_discord.aws_sqs_queue.sqs",
            "module.lambda_app_discord.data.archive_file.source_code",
            "module.lambda_app_discord.data.aws_iam_policy_document.execution_role_policy"
          ]
        }
      ]
    },
    {
      "module": "module.lambda_app_discord",
      "mode": "managed",
      "type": "aws_sqs_queue",
      "name": "dlq",
      "provider": "provider[\"registry.terraform.io/hashicorp/aws\"]",
      "instances": [
        {
          "index_key": 0,
          "schema_version": 0,
          "attributes": {
            "arn": "arn:aws:sqs:us-east-1:891377358302:qual-dffp-app-discord-dlq",
            "content_based_deduplication": false,
            "deduplication_scope": "",
            "delay_seconds": 0,
            "fifo_queue": false,
            "fifo_throughput_limit": "",
            "id": "https://sqs.us-east-1.amazonaws.com/891377358302/qual-dffp-app-discord-dlq",
            "kms_data_key_reuse_period_seconds": 300,
            "kms_master_key_id": "",
            "max_message_size": 262144,
            "message_retention_seconds": 345600,
            "name": "qual-dffp-app-discord-dlq",
            "name_prefix": "",
            "policy": "",
            "receive_wait_time_seconds": 0,
            "redrive_allow_policy": "{\"redrivePermission\":\"byQueue\",\"sourceQueueArns\":[\"arn:aws:sqs:us-east-1:891377358302:qual-dffp-app-discord-sqs\"]}",
            "redrive_policy": "",
            "sqs_managed_sse_enabled": true,
            "tags": {},
            "tags_all": {
              "environment": "qual"
            },
            "url": "https://sqs.us-east-1.amazonaws.com/891377358302/qual-dffp-app-discord-dlq",
            "visibility_timeout_seconds": 30
          },
          "sensitive_attributes": [],
          "private": "bnVsbA=="
        }
      ]
    },
    {
      "module": "module.lambda_app_discord",
      "mode": "managed",
      "type": "aws_sqs_queue",
      "name": "sqs",
      "provider": "provider[\"registry.terraform.io/hashicorp/aws\"]",
      "instances": [
        {
          "index_key": 0,
          "schema_version": 0,
          "attributes": {
            "arn": "arn:aws:sqs:us-east-1:891377358302:qual-dffp-app-discord-sqs",
            "content_based_deduplication": false,
            "deduplication_scope": "",
            "delay_seconds": 0,
            "fifo_queue": false,
            "fifo_throughput_limit": "",
            "id": "https://sqs.us-east-1.amazonaws.com/891377358302/qual-dffp-app-discord-sqs",
            "kms_data_key_reuse_period_seconds": 300,
            "kms_master_key_id": "",
            "max_message_size": 262144,
            "message_retention_seconds": 345600,
            "name": "qual-dffp-app-discord-sqs",
            "name_prefix": "",
            "policy": "{\"Statement\":[{\"Action\":\"sqs:SendMessage\",\"Condition\":{\"ArnEquals\":{\"aws:SourceArn\":\"arn:aws:lambda:us-east-1:891377358302:function:qual-dffp-api-discord\"}},\"Effect\":\"Allow\",\"Principal\":\"*\",\"Resource\":\"arn:aws:sqs:us-east-1:891377358302:qual-dffp-app-discord-sqs\"}],\"Version\":\"2012-10-17\"}",
            "receive_wait_time_seconds": 0,
            "redrive_allow_policy": "",
            "redrive_policy": "{\"deadLetterTargetArn\":\"arn:aws:sqs:us-east-1:891377358302:qual-dffp-app-discord-dlq\",\"maxReceiveCount\":2}",
            "sqs_managed_sse_enabled": true,
            "tags": {},
            "tags_all": {
              "environment": "qual"
            },
            "url": "https://sqs.us-east-1.amazonaws.com/891377358302/qual-dffp-app-discord-sqs",
            "visibility_timeout_seconds": 300
          },
          "sensitive_attributes": [],
          "private": "bnVsbA==",
          "dependencies": [
            "aws_dynamodb_table.snapshots",
            "aws_dynamodb_table.tracking",
            "data.aws_caller_identity.current",
            "module.lambda_app_discord.aws_iam_role.execution_role",
            "module.lambda_app_discord.aws_lambda_function.main",
            "module.lambda_app_discord.data.archive_file.source_code",
            "module.lambda_app_discord.data.aws_iam_policy_document.execution_role_policy"
          ],
          "create_before_destroy": true
        }
      ]
    },
    {
      "module": "module.lambda_app_discord",
      "mode": "managed",
      "type": "aws_sqs_queue_policy",
      "name": "sqs_policy",
      "provider": "provider[\"registry.terraform.io/hashicorp/aws\"]",
      "instances": [
        {
          "index_key": 0,
          "schema_version": 1,
          "attributes": {
            "id": "https://sqs.us-east-1.amazonaws.com/891377358302/qual-dffp-app-discord-sqs",
            "policy": "{\"Statement\":[{\"Action\":\"sqs:SendMessage\",\"Condition\":{\"ArnEquals\":{\"aws:SourceArn\":\"arn:aws:lambda:us-east-1:891377358302:function:qual-dffp-api-discord\"}},\"Effect\":\"Allow\",\"Principal\":\"*\",\"Resource\":\"arn:aws:sqs:us-east-1:891377358302:qual-dffp-app-discord-sqs\"}],\"Version\":\"2012-10-17\"}",
            "queue_url": "https://sqs.us-east-1.amazonaws.com/891377358302/qual-dffp-app-discord-sqs"
          },
          "sensitive_attributes": [],
          "private": "eyJzY2hlbWFfdmVyc2lvbiI6IjEifQ==",
          "dependencies": [
            "aws_dynamodb_table.snapshots",
            "aws_dynamodb_table.tracking",
            "data.aws_caller_identity.current",
            "module.lambda_api_discord.aws_iam_role.execution_role",
            "module.lambda_api_discord.aws_lambda_function.main",
            "module.lambda_api_discord.data.archive_file.source_code",
            "module.lambda_api_discord.data.aws_iam_policy_document.execution_role_policy",
            "module.lambda_app_discord.aws_iam_role.execution_role",
            "module.lambda_app_discord.aws_lambda_function.main",
            "module.lambda_app_discord.aws_sqs_queue.sqs",
            "module.lambda_app_discord.data.archive_file.source_code",
            "module.lambda_app_discord.data.aws_iam_policy_document.execution_role_policy",
            "module.lambda_app_discord.data.aws_iam_policy_document.sqs"
          ]
        }
      ]
    },
    {
      "module": "module.lambda_app_discord",
      "mode": "managed",
      "type": "aws_sqs_queue_redrive_allow_policy",
      "name": "dlq_redrive_allow",
      "provider": "provider[\"registry.terraform.io/hashicorp/aws\"]",
      "instances": [
        {
          "index_key": 0,
          "schema_version": 0,
          "attributes": {
            "id": "https://sqs.us-east-1.amazonaws.com/891377358302/qual-dffp-app-discord-dlq",
            "queue_url": "https://sqs.us-east-1.amazonaws.com/891377358302/qual-dffp-app-discord-dlq",
            "redrive_allow_policy": "{\"redrivePermission\":\"byQueue\",\"sourceQueueArns\":[\"arn:aws:sqs:us-east-1:891377358302:qual-dffp-app-discord-sqs\"]}"
          },
          "sensitive_attributes": [],
          "private": "bnVsbA==",
          "dependencies": [
            "aws_dynamodb_table.snapshots",
            "aws_dynamodb_table.tracking",
            "data.aws_caller_identity.current",
            "module.lambda_app_discord.aws_iam_role.execution_role",
            "module.lambda_app_discord.aws_lambda_function.main",
            "module.lambda_app_discord.aws_sqs_queue.dlq",
            "module.lambda_app_discord.aws_sqs_queue.sqs",
            "module.lambda_app_discord.data.archive_file.source_code",
            "module.lambda_app_discord.data.aws_iam_policy_document.execution_role_policy"
          ]
        }
      ]
    },
    {
      "module": "module.lambda_app_discord",
      "mode": "managed",
      "type": "aws_sqs_queue_redrive_policy",
      "name": "sqs_redrive",
      "provider": "provider[\"registry.terraform.io/hashicorp/aws\"]",
      "instances": [
        {
          "index_key": 0,
          "schema_version": 0,
          "attributes": {
            "id": "https://sqs.us-east-1.amazonaws.com/891377358302/qual-dffp-app-discord-sqs",
            "queue_url": "https://sqs.us-east-1.amazonaws.com/891377358302/qual-dffp-app-discord-sqs",
            "redrive_policy": "{\"deadLetterTargetArn\":\"arn:aws:sqs:us-east-1:891377358302:qual-dffp-app-discord-dlq\",\"maxReceiveCount\":2}"
          },
          "sensitive_attributes": [],
          "private": "bnVsbA==",
          "dependencies": [
            "aws_dynamodb_table.snapshots",
            "aws_dynamodb_table.tracking",
            "data.aws_caller_identity.current",
            "module.lambda_app_discord.aws_iam_role.execution_role",
            "module.lambda_app_discord.aws_lambda_function.main",
            "module.lambda_app_discord.aws_sqs_queue.dlq",
            "module.lambda_app_discord.aws_sqs_queue.sqs",
            "module.lambda_app_discord.data.archive_file.source_code",
            "module.lambda_app_discord.data.aws_iam_policy_document.execution_role_policy"
          ]
        }
      ]
    },
    {
      "module": "module.lambda_app_discord_deploy",
      "mode": "data",
      "type": "archive_file",
      "name": "source_code",
      "provider": "provider[\"registry.terraform.io/hashicorp/archive\"]",
      "instances": [
        {
          "schema_version": 0,
          "attributes": {
            "exclude_symlink_directories": null,
            "excludes": null,
            "id": "8ae0581fb0dd5ef1b71dc7fe6445fc42c489ae05",
            "output_base64sha256": "UWc/L10lQEJZcEGuXenKvZtX6G+k533WAcgxv5B+3Xw=",
            "output_base64sha512": "9HSkQ7pWpzi30LT7Zgxv3O8PlBbaKKsjpkLo6dZ6fFecrhuBCATFK4RIqqqWArfqB0HbFVX2ZWBQpRCkafm5gA==",
            "output_file_mode": null,
            "output_md5": "5b87b8bcba429349d709d90f9a5ec392",
            "output_path": "./.terraform/app_discord_deploy.zip",
            "output_sha": "8ae0581fb0dd5ef1b71dc7fe6445fc42c489ae05",
            "output_sha256": "51673f2f5d254042597041ae5de9cabd9b57e86fa4e77dd601c831bf907edd7c",
            "output_sha512": "f474a443ba56a738b7d0b4fb660c6fdcef0f9416da28ab23a642e8e9d67a7c579cae1b810804c52b8448aaaa9602b7ea0741db1555f6656050a510a469f9b980",
            "output_size": 96039,
            "source": [],
            "source_content": null,
            "source_content_filename": null,
            "source_dir": ".././dist/app_discord_deploy",
            "source_file": null,
            "type": "zip"
          },
          "sensitive_attributes": []
        }
      ]
    },
    {
      "module": "module.lambda_app_discord_deploy",
      "mode": "data",
      "type": "aws_iam_policy_document",
      "name": "execution_role_policy",
      "provider": "provider[\"registry.terraform.io/hashicorp/aws\"]",
      "instances": [
        {
          "schema_version": 0,
          "attributes": {
            "id": "3263289267",
            "json": "{\n  \"Version\": \"2012-10-17\",\n  \"Statement\": [\n    {\n      \"Effect\": \"Allow\",\n      \"Action\": \"sts:AssumeRole\",\n      \"Principal\": {\n        \"AWS\": \"891377358302\",\n        \"Service\": \"lambda.amazonaws.com\"\n      }\n    }\n  ]\n}",
            "minified_json": "{\"Version\":\"2012-10-17\",\"Statement\":[{\"Effect\":\"Allow\",\"Action\":\"sts:AssumeRole\",\"Principal\":{\"AWS\":\"891377358302\",\"Service\":\"lambda.amazonaws.com\"}}]}",
            "override_json": null,
            "override_policy_documents": null,
            "policy_id": null,
            "source_json": null,
            "source_policy_documents": null,
            "statement": [
              {
                "actions": [
                  "sts:AssumeRole"
                ],
                "condition": [],
                "effect": "Allow",
                "not_actions": [],
                "not_principals": [],
                "not_resources": [],
                "principals": [
                  {
                    "identifiers": [
                      "891377358302"
                    ],
                    "type": "AWS"
                  },
                  {
                    "identifiers": [
                      "lambda.amazonaws.com"
                    ],
                    "type": "Service"
                  }
                ],
                "resources": [],
                "sid": ""
              }
            ],
            "version": "2012-10-17"
          },
          "sensitive_attributes": []
        }
      ]
    },
    {
      "module": "module.lambda_app_discord_deploy",
      "mode": "managed",
      "type": "aws_cloudwatch_log_group",
      "name": "logs",
      "provider": "provider[\"registry.terraform.io/hashicorp/aws\"]",
      "instances": [
        {
          "schema_version": 0,
          "attributes": {
            "arn": "arn:aws:logs:us-east-1:891377358302:log-group:/aws/lambda/qual-dffp-app-discord-deploy",
            "id": "/aws/lambda/qual-dffp-app-discord-deploy",
            "kms_key_id": "",
            "log_group_class": "STANDARD",
            "name": "/aws/lambda/qual-dffp-app-discord-deploy",
            "name_prefix": "",
            "retention_in_days": 7,
            "skip_destroy": false,
            "tags": {},
            "tags_all": {
              "environment": "qual"
            }
          },
          "sensitive_attributes": [],
          "private": "bnVsbA=="
        }
      ]
    },
    {
      "module": "module.lambda_app_discord_deploy",
      "mode": "managed",
      "type": "aws_iam_policy",
      "name": "execution_policy",
      "provider": "provider[\"registry.terraform.io/hashicorp/aws\"]",
      "instances": [
        {
          "schema_version": 0,
          "attributes": {
            "arn": "arn:aws:iam::891377358302:policy/qual-dffp-app-discord-deploy-execution-policy",
            "attachment_count": 1,
            "description": "",
            "id": "arn:aws:iam::891377358302:policy/qual-dffp-app-discord-deploy-execution-policy",
            "name": "qual-dffp-app-discord-deploy-execution-policy",
            "name_prefix": "",
            "path": "/",
            "policy": "{\"Statement\":[{\"Action\":[\"logs:PutLogEvents\",\"logs:CreateLogStream\"],\"Effect\":\"Allow\",\"Resource\":\"arn:aws:logs:*:*:*\"},{\"Action\":\"*\",\"Effect\":\"Allow\",\"Resource\":\"*\"}],\"Version\":\"2012-10-17\"}",
            "policy_id": "ANPA47CR3CXPM7RJMLPNJ",
            "tags": {},
            "tags_all": {
              "environment": "qual"
            }
          },
          "sensitive_attributes": [],
          "private": "bnVsbA==",
          "dependencies": [
            "data.aws_iam_policy_document.lambda_app_discord_deploy"
          ]
        }
      ]
    },
    {
      "module": "module.lambda_app_discord_deploy",
      "mode": "managed",
      "type": "aws_iam_role",
      "name": "execution_role",
      "provider": "provider[\"registry.terraform.io/hashicorp/aws\"]",
      "instances": [
        {
          "schema_version": 0,
          "attributes": {
            "arn": "arn:aws:iam::891377358302:role/qual-dffp-app-discord-deploy-execution-role",
            "assume_role_policy": "{\"Statement\":[{\"Action\":\"sts:AssumeRole\",\"Effect\":\"Allow\",\"Principal\":{\"AWS\":\"891377358302\",\"Service\":\"lambda.amazonaws.com\"}}],\"Version\":\"2012-10-17\"}",
            "create_date": "2024-09-03T01:17:26Z",
            "description": "",
            "force_detach_policies": false,
            "id": "qual-dffp-app-discord-deploy-execution-role",
            "inline_policy": [],
            "managed_policy_arns": [
              "arn:aws:iam::891377358302:policy/qual-dffp-app-discord-deploy-execution-policy"
            ],
            "max_session_duration": 3600,
            "name": "qual-dffp-app-discord-deploy-execution-role",
            "name_prefix": "",
            "path": "/",
            "permissions_boundary": "",
            "tags": {},
            "tags_all": {
              "environment": "qual"
            },
            "unique_id": "AROA47CR3CXPOLEN3IZFJ"
          },
          "sensitive_attributes": [],
          "private": "bnVsbA==",
          "dependencies": [
            "data.aws_caller_identity.current",
            "module.lambda_app_discord_deploy.data.aws_iam_policy_document.execution_role_policy"
          ]
        }
      ]
    },
    {
      "module": "module.lambda_app_discord_deploy",
      "mode": "managed",
      "type": "aws_iam_role_policy_attachment",
      "name": "custom_policy",
      "provider": "provider[\"registry.terraform.io/hashicorp/aws\"]",
      "instances": [
        {
          "schema_version": 0,
          "attributes": {
            "id": "qual-dffp-app-discord-deploy-execution-role-20240903011727147600000004",
            "policy_arn": "arn:aws:iam::891377358302:policy/qual-dffp-app-discord-deploy-execution-policy",
            "role": "qual-dffp-app-discord-deploy-execution-role"
          },
          "sensitive_attributes": [],
          "private": "bnVsbA==",
          "dependencies": [
            "data.aws_caller_identity.current",
            "data.aws_iam_policy_document.lambda_app_discord_deploy",
            "module.lambda_app_discord_deploy.aws_iam_policy.execution_policy",
            "module.lambda_app_discord_deploy.aws_iam_role.execution_role",
            "module.lambda_app_discord_deploy.data.aws_iam_policy_document.execution_role_policy"
          ]
        }
      ]
    },
    {
      "module": "module.lambda_app_discord_deploy",
      "mode": "managed",
      "type": "aws_lambda_function",
      "name": "main",
      "provider": "provider[\"registry.terraform.io/hashicorp/aws\"]",
      "instances": [
        {
          "schema_version": 0,
          "attributes": {
            "architectures": [
              "arm64"
            ],
            "arn": "arn:aws:lambda:us-east-1:891377358302:function:qual-dffp-app-discord-deploy",
            "code_sha256": "UWc/L10lQEJZcEGuXenKvZtX6G+k533WAcgxv5B+3Xw=",
            "code_signing_config_arn": "",
            "dead_letter_config": [],
            "description": "",
            "environment": [
              {
                "variables": {
                  "DDB_SNAPSHOTS": "qual-dffp-snapshots",
                  "DDB_TRACKING": "qual-dffp-tracking",
                  "LAMBDA_ENV": "qual",
                  "NODE_OPTIONS": "--enable-source-maps"
                }
              }
            ],
            "ephemeral_storage": [
              {
                "size": 512
              }
            ],
            "file_system_config": [],
            "filename": "./.terraform/app_discord_deploy.zip",
            "function_name": "qual-dffp-app-discord-deploy",
            "handler": "index.handler",
            "id": "qual-dffp-app-discord-deploy",
            "image_config": [],
            "image_uri": "",
            "invoke_arn": "arn:aws:apigateway:us-east-1:lambda:path/2015-03-31/functions/arn:aws:lambda:us-east-1:891377358302:function:qual-dffp-app-discord-deploy/invocations",
            "kms_key_arn": "",
            "last_modified": "2024-09-05T07:49:05.000+0000",
            "layers": [],
            "logging_config": [
              {
                "application_log_level": "",
                "log_format": "Text",
                "log_group": "/aws/lambda/qual-dffp-app-discord-deploy",
                "system_log_level": ""
              }
            ],
            "memory_size": 128,
            "package_type": "Zip",
            "publish": false,
            "qualified_arn": "arn:aws:lambda:us-east-1:891377358302:function:qual-dffp-app-discord-deploy:$LATEST",
            "qualified_invoke_arn": "arn:aws:apigateway:us-east-1:lambda:path/2015-03-31/functions/arn:aws:lambda:us-east-1:891377358302:function:qual-dffp-app-discord-deploy:$LATEST/invocations",
            "replace_security_groups_on_destroy": null,
            "replacement_security_group_ids": null,
            "reserved_concurrent_executions": -1,
            "role": "arn:aws:iam::891377358302:role/qual-dffp-app-discord-deploy-execution-role",
            "runtime": "nodejs20.x",
            "s3_bucket": null,
            "s3_key": null,
            "s3_object_version": null,
            "signing_job_arn": "",
            "signing_profile_version_arn": "",
            "skip_destroy": false,
            "snap_start": [],
            "source_code_hash": "51673f2f5d254042597041ae5de9cabd9b57e86fa4e77dd601c831bf907edd7c",
            "source_code_size": 96039,
            "tags": {},
            "tags_all": {
              "environment": "qual"
            },
            "timeout": 300,
            "timeouts": null,
            "tracing_config": [
              {
                "mode": "PassThrough"
              }
            ],
            "version": "$LATEST",
            "vpc_config": []
          },
          "sensitive_attributes": [],
          "private": "eyJlMmJmYjczMC1lY2FhLTExZTYtOGY4OC0zNDM2M2JjN2M0YzAiOnsiY3JlYXRlIjo2MDAwMDAwMDAwMDAsImRlbGV0ZSI6NjAwMDAwMDAwMDAwLCJ1cGRhdGUiOjYwMDAwMDAwMDAwMH19",
          "dependencies": [
            "aws_dynamodb_table.snapshots",
            "aws_dynamodb_table.tracking",
            "data.aws_caller_identity.current",
            "module.lambda_app_discord_deploy.aws_iam_role.execution_role",
            "module.lambda_app_discord_deploy.data.archive_file.source_code",
            "module.lambda_app_discord_deploy.data.aws_iam_policy_document.execution_role_policy"
          ]
        }
      ]
    },
    {
      "module": "module.lambda_poll_coc",
      "mode": "data",
      "type": "archive_file",
      "name": "source_code",
      "provider": "provider[\"registry.terraform.io/hashicorp/archive\"]",
      "instances": [
        {
          "schema_version": 0,
          "attributes": {
            "exclude_symlink_directories": null,
            "excludes": null,
            "id": "43279c1e6edbaca51d1bf60b41eac5afbd366386",
            "output_base64sha256": "JijNRJA/opau4eofl+4agtNzvGNojJZwytpUmXdju0I=",
            "output_base64sha512": "Qw/o++kQOk+B/5y1n5x0UewqVCmYN2gjNnEtl9R50ctCELbqzVannsnYUkQa8H7AmYXvPMvKnwjNY9nhRz4p0A==",
            "output_file_mode": null,
            "output_md5": "f3b333d55b91e67b15bcc7f9574cdcc4",
            "output_path": "./.terraform/poll_coc.zip",
            "output_sha": "43279c1e6edbaca51d1bf60b41eac5afbd366386",
            "output_sha256": "2628cd44903fa296aee1ea1f97ee1a82d373bc63688c9670cada54997763bb42",
            "output_sha512": "430fe8fbe9103a4f81ff9cb59f9c7451ec2a54299837682336712d97d479d1cb4210b6eacd56a79ec9d852441af07ec09985ef3ccbca9f08cd63d9e1473e29d0",
            "output_size": 553002,
            "source": [],
            "source_content": null,
            "source_content_filename": null,
            "source_dir": ".././dist/poll_coc",
            "source_file": null,
            "type": "zip"
          },
          "sensitive_attributes": []
        }
      ]
    },
    {
      "module": "module.lambda_poll_coc",
      "mode": "data",
      "type": "aws_iam_policy_document",
      "name": "execution_role_policy",
      "provider": "provider[\"registry.terraform.io/hashicorp/aws\"]",
      "instances": [
        {
          "schema_version": 0,
          "attributes": {
            "id": "3263289267",
            "json": "{\n  \"Version\": \"2012-10-17\",\n  \"Statement\": [\n    {\n      \"Effect\": \"Allow\",\n      \"Action\": \"sts:AssumeRole\",\n      \"Principal\": {\n        \"AWS\": \"891377358302\",\n        \"Service\": \"lambda.amazonaws.com\"\n      }\n    }\n  ]\n}",
            "minified_json": "{\"Version\":\"2012-10-17\",\"Statement\":[{\"Effect\":\"Allow\",\"Action\":\"sts:AssumeRole\",\"Principal\":{\"AWS\":\"891377358302\",\"Service\":\"lambda.amazonaws.com\"}}]}",
            "override_json": null,
            "override_policy_documents": null,
            "policy_id": null,
            "source_json": null,
            "source_policy_documents": null,
            "statement": [
              {
                "actions": [
                  "sts:AssumeRole"
                ],
                "condition": [],
                "effect": "Allow",
                "not_actions": [],
                "not_principals": [],
                "not_resources": [],
                "principals": [
                  {
                    "identifiers": [
                      "891377358302"
                    ],
                    "type": "AWS"
                  },
                  {
                    "identifiers": [
                      "lambda.amazonaws.com"
                    ],
                    "type": "Service"
                  }
                ],
                "resources": [],
                "sid": ""
              }
            ],
            "version": "2012-10-17"
          },
          "sensitive_attributes": []
        }
      ]
    },
    {
      "module": "module.lambda_poll_coc",
      "mode": "data",
      "type": "aws_iam_policy_document",
      "name": "sqs",
      "provider": "provider[\"registry.terraform.io/hashicorp/aws\"]",
      "instances": [
        {
          "index_key": 0,
          "schema_version": 0,
          "attributes": {
            "id": "574401974",
            "json": "{\n  \"Version\": \"2012-10-17\",\n  \"Statement\": [\n    {\n      \"Effect\": \"Allow\",\n      \"Action\": \"sqs:SendMessage\",\n      \"Resource\": \"arn:aws:sqs:us-east-1:891377358302:qual-dffp-poll-coc-sqs\",\n      \"Principal\": \"*\",\n      \"Condition\": {\n        \"ArnEquals\": {\n          \"aws:SourceArn\": \"arn:aws:lambda:us-east-1:891377358302:function:qual-dffp-scheduler\"\n        }\n      }\n    }\n  ]\n}",
            "minified_json": "{\"Version\":\"2012-10-17\",\"Statement\":[{\"Effect\":\"Allow\",\"Action\":\"sqs:SendMessage\",\"Resource\":\"arn:aws:sqs:us-east-1:891377358302:qual-dffp-poll-coc-sqs\",\"Principal\":\"*\",\"Condition\":{\"ArnEquals\":{\"aws:SourceArn\":\"arn:aws:lambda:us-east-1:891377358302:function:qual-dffp-scheduler\"}}}]}",
            "override_json": null,
            "override_policy_documents": null,
            "policy_id": null,
            "source_json": null,
            "source_policy_documents": null,
            "statement": [
              {
                "actions": [
                  "sqs:SendMessage"
                ],
                "condition": [
                  {
                    "test": "ArnEquals",
                    "values": [
                      "arn:aws:lambda:us-east-1:891377358302:function:qual-dffp-scheduler"
                    ],
                    "variable": "aws:SourceArn"
                  }
                ],
                "effect": "Allow",
                "not_actions": [],
                "not_principals": [],
                "not_resources": [],
                "principals": [
                  {
                    "identifiers": [
                      "*"
                    ],
                    "type": "*"
                  }
                ],
                "resources": [
                  "arn:aws:sqs:us-east-1:891377358302:qual-dffp-poll-coc-sqs"
                ],
                "sid": ""
              }
            ],
            "version": "2012-10-17"
          },
          "sensitive_attributes": []
        }
      ]
    },
    {
      "module": "module.lambda_poll_coc",
      "mode": "managed",
      "type": "aws_cloudwatch_log_group",
      "name": "logs",
      "provider": "provider[\"registry.terraform.io/hashicorp/aws\"]",
      "instances": [
        {
          "schema_version": 0,
          "attributes": {
            "arn": "arn:aws:logs:us-east-1:891377358302:log-group:/aws/lambda/qual-dffp-poll-coc",
            "id": "/aws/lambda/qual-dffp-poll-coc",
            "kms_key_id": "",
            "log_group_class": "STANDARD",
            "name": "/aws/lambda/qual-dffp-poll-coc",
            "name_prefix": "",
            "retention_in_days": 7,
            "skip_destroy": false,
            "tags": {},
            "tags_all": {
              "environment": "qual"
            }
          },
          "sensitive_attributes": [],
          "private": "bnVsbA=="
        }
      ]
    },
    {
      "module": "module.lambda_poll_coc",
      "mode": "managed",
      "type": "aws_iam_policy",
      "name": "execution_policy",
      "provider": "provider[\"registry.terraform.io/hashicorp/aws\"]",
      "instances": [
        {
          "schema_version": 0,
          "attributes": {
            "arn": "arn:aws:iam::891377358302:policy/qual-dffp-poll-coc-execution-policy",
            "attachment_count": 1,
            "description": "",
            "id": "arn:aws:iam::891377358302:policy/qual-dffp-poll-coc-execution-policy",
            "name": "qual-dffp-poll-coc-execution-policy",
            "name_prefix": "",
            "path": "/",
            "policy": "{\"Statement\":[{\"Action\":[\"logs:PutLogEvents\",\"logs:CreateLogStream\"],\"Effect\":\"Allow\",\"Resource\":\"arn:aws:logs:*:*:*\"},{\"Action\":\"*\",\"Effect\":\"Allow\",\"Resource\":\"*\"}],\"Version\":\"2012-10-17\"}",
            "policy_id": "ANPA47CR3CXPKHUEFEZUS",
            "tags": {},
            "tags_all": {
              "environment": "qual"
            }
          },
          "sensitive_attributes": [],
          "private": "bnVsbA==",
          "dependencies": [
            "data.aws_iam_policy_document.lambda_poll_coc"
          ]
        }
      ]
    },
    {
      "module": "module.lambda_poll_coc",
      "mode": "managed",
      "type": "aws_iam_role",
      "name": "execution_role",
      "provider": "provider[\"registry.terraform.io/hashicorp/aws\"]",
      "instances": [
        {
          "schema_version": 0,
          "attributes": {
            "arn": "arn:aws:iam::891377358302:role/qual-dffp-poll-coc-execution-role",
            "assume_role_policy": "{\"Statement\":[{\"Action\":\"sts:AssumeRole\",\"Effect\":\"Allow\",\"Principal\":{\"AWS\":\"891377358302\",\"Service\":\"lambda.amazonaws.com\"}}],\"Version\":\"2012-10-17\"}",
            "create_date": "2024-09-03T01:17:26Z",
            "description": "",
            "force_detach_policies": false,
            "id": "qual-dffp-poll-coc-execution-role",
            "inline_policy": [],
            "managed_policy_arns": [
              "arn:aws:iam::891377358302:policy/qual-dffp-poll-coc-execution-policy"
            ],
            "max_session_duration": 3600,
            "name": "qual-dffp-poll-coc-execution-role",
            "name_prefix": "",
            "path": "/",
            "permissions_boundary": "",
            "tags": {},
            "tags_all": {
              "environment": "qual"
            },
            "unique_id": "AROA47CR3CXPDXO6GRERW"
          },
          "sensitive_attributes": [],
          "private": "bnVsbA==",
          "dependencies": [
            "data.aws_caller_identity.current",
            "module.lambda_poll_coc.data.aws_iam_policy_document.execution_role_policy"
          ]
        }
      ]
    },
    {
      "module": "module.lambda_poll_coc",
      "mode": "managed",
      "type": "aws_iam_role_policy_attachment",
      "name": "custom_policy",
      "provider": "provider[\"registry.terraform.io/hashicorp/aws\"]",
      "instances": [
        {
          "schema_version": 0,
          "attributes": {
            "id": "qual-dffp-poll-coc-execution-role-20240903011727142800000003",
            "policy_arn": "arn:aws:iam::891377358302:policy/qual-dffp-poll-coc-execution-policy",
            "role": "qual-dffp-poll-coc-execution-role"
          },
          "sensitive_attributes": [],
          "private": "bnVsbA==",
          "dependencies": [
            "data.aws_caller_identity.current",
            "data.aws_iam_policy_document.lambda_poll_coc",
            "module.lambda_poll_coc.aws_iam_policy.execution_policy",
            "module.lambda_poll_coc.aws_iam_role.execution_role",
            "module.lambda_poll_coc.data.aws_iam_policy_document.execution_role_policy"
          ]
        }
      ]
    },
    {
      "module": "module.lambda_poll_coc",
      "mode": "managed",
      "type": "aws_lambda_event_source_mapping",
      "name": "sqs",
      "provider": "provider[\"registry.terraform.io/hashicorp/aws\"]",
      "instances": [
        {
          "index_key": 0,
          "schema_version": 0,
          "attributes": {
            "amazon_managed_kafka_event_source_config": [],
            "batch_size": 10,
            "bisect_batch_on_function_error": false,
            "destination_config": [],
            "document_db_event_source_config": [],
            "enabled": true,
            "event_source_arn": "arn:aws:sqs:us-east-1:891377358302:qual-dffp-poll-coc-sqs",
            "filter_criteria": [],
            "function_arn": "arn:aws:lambda:us-east-1:891377358302:function:qual-dffp-poll-coc",
            "function_name": "arn:aws:lambda:us-east-1:891377358302:function:qual-dffp-poll-coc",
            "function_response_types": [],
            "id": "953ba64d-43ab-494c-97f2-03454cd47e79",
            "last_modified": "2024-08-25T22:54:57Z",
            "last_processing_result": "",
            "maximum_batching_window_in_seconds": 0,
            "maximum_record_age_in_seconds": 0,
            "maximum_retry_attempts": 0,
            "parallelization_factor": 0,
            "queues": [],
            "scaling_config": [],
            "self_managed_event_source": [],
            "self_managed_kafka_event_source_config": [],
            "source_access_configuration": [],
            "starting_position": "",
            "starting_position_timestamp": "",
            "state": "Enabled",
            "state_transition_reason": "USER_INITIATED",
            "topics": [],
            "tumbling_window_in_seconds": 0,
            "uuid": "953ba64d-43ab-494c-97f2-03454cd47e79"
          },
          "sensitive_attributes": [],
          "private": "bnVsbA==",
          "dependencies": [
            "aws_dynamodb_table.snapshots",
            "aws_dynamodb_table.tracking",
            "data.aws_caller_identity.current",
            "module.lambda_poll_coc.aws_iam_role.execution_role",
            "module.lambda_poll_coc.aws_lambda_function.main",
            "module.lambda_poll_coc.aws_sqs_queue.sqs",
            "module.lambda_poll_coc.data.archive_file.source_code",
            "module.lambda_poll_coc.data.aws_iam_policy_document.execution_role_policy"
          ]
        }
      ]
    },
    {
      "module": "module.lambda_poll_coc",
      "mode": "managed",
      "type": "aws_lambda_function",
      "name": "main",
      "provider": "provider[\"registry.terraform.io/hashicorp/aws\"]",
      "instances": [
        {
          "schema_version": 0,
          "attributes": {
            "architectures": [
              "arm64"
            ],
            "arn": "arn:aws:lambda:us-east-1:891377358302:function:qual-dffp-poll-coc",
            "code_sha256": "JijNRJA/opau4eofl+4agtNzvGNojJZwytpUmXdju0I=",
            "code_signing_config_arn": "",
            "dead_letter_config": [],
            "description": "",
            "environment": [
              {
                "variables": {
                  "DDB_SNAPSHOTS": "qual-dffp-snapshots",
                  "DDB_TRACKING": "qual-dffp-tracking",
                  "LAMBDA_ENV": "qual",
                  "NODE_OPTIONS": "--enable-source-maps"
                }
              }
            ],
            "ephemeral_storage": [
              {
                "size": 512
              }
            ],
            "file_system_config": [],
            "filename": "./.terraform/poll_coc.zip",
            "function_name": "qual-dffp-poll-coc",
            "handler": "index.handler",
            "id": "qual-dffp-poll-coc",
            "image_config": [],
            "image_uri": "",
            "invoke_arn": "arn:aws:apigateway:us-east-1:lambda:path/2015-03-31/functions/arn:aws:lambda:us-east-1:891377358302:function:qual-dffp-poll-coc/invocations",
            "kms_key_arn": "",
            "last_modified": "2024-09-04T04:43:00.000+0000",
            "layers": [],
            "logging_config": [
              {
                "application_log_level": "",
                "log_format": "Text",
                "log_group": "/aws/lambda/qual-dffp-poll-coc",
                "system_log_level": ""
              }
            ],
            "memory_size": 128,
            "package_type": "Zip",
            "publish": false,
            "qualified_arn": "arn:aws:lambda:us-east-1:891377358302:function:qual-dffp-poll-coc:$LATEST",
            "qualified_invoke_arn": "arn:aws:apigateway:us-east-1:lambda:path/2015-03-31/functions/arn:aws:lambda:us-east-1:891377358302:function:qual-dffp-poll-coc:$LATEST/invocations",
            "replace_security_groups_on_destroy": null,
            "replacement_security_group_ids": null,
            "reserved_concurrent_executions": -1,
            "role": "arn:aws:iam::891377358302:role/qual-dffp-poll-coc-execution-role",
            "runtime": "nodejs20.x",
            "s3_bucket": null,
            "s3_key": null,
            "s3_object_version": null,
            "signing_job_arn": "",
            "signing_profile_version_arn": "",
            "skip_destroy": false,
            "snap_start": [],
            "source_code_hash": "2628cd44903fa296aee1ea1f97ee1a82d373bc63688c9670cada54997763bb42",
            "source_code_size": 553002,
            "tags": {},
            "tags_all": {
              "environment": "qual"
            },
            "timeout": 300,
            "timeouts": null,
            "tracing_config": [
              {
                "mode": "PassThrough"
              }
            ],
            "version": "$LATEST",
            "vpc_config": []
          },
          "sensitive_attributes": [],
          "private": "eyJlMmJmYjczMC1lY2FhLTExZTYtOGY4OC0zNDM2M2JjN2M0YzAiOnsiY3JlYXRlIjo2MDAwMDAwMDAwMDAsImRlbGV0ZSI6NjAwMDAwMDAwMDAwLCJ1cGRhdGUiOjYwMDAwMDAwMDAwMH19",
          "dependencies": [
            "aws_dynamodb_table.snapshots",
            "aws_dynamodb_table.tracking",
            "data.aws_caller_identity.current",
            "module.lambda_poll_coc.aws_iam_role.execution_role",
            "module.lambda_poll_coc.data.archive_file.source_code",
            "module.lambda_poll_coc.data.aws_iam_policy_document.execution_role_policy"
          ]
        }
      ]
    },
    {
      "module": "module.lambda_poll_coc",
      "mode": "managed",
      "type": "aws_lambda_permission",
      "name": "sqs",
      "provider": "provider[\"registry.terraform.io/hashicorp/aws\"]",
      "instances": [
        {
          "index_key": 0,
          "schema_version": 0,
          "attributes": {
            "action": "lambda:InvokeFunction",
            "event_source_token": null,
            "function_name": "arn:aws:lambda:us-east-1:891377358302:function:qual-dffp-poll-coc",
            "function_url_auth_type": null,
            "id": "terraform-20240825225113009500000001",
            "principal": "sqs.amazonaws.com",
            "principal_org_id": null,
            "qualifier": "",
            "source_account": null,
            "source_arn": "arn:aws:sqs:us-east-1:891377358302:qual-dffp-poll-coc-sqs",
            "statement_id": "terraform-20240825225113009500000001",
            "statement_id_prefix": "terraform-"
          },
          "sensitive_attributes": [],
          "private": "bnVsbA==",
          "dependencies": [
            "aws_dynamodb_table.snapshots",
            "aws_dynamodb_table.tracking",
            "data.aws_caller_identity.current",
            "module.lambda_poll_coc.aws_iam_role.execution_role",
            "module.lambda_poll_coc.aws_lambda_function.main",
            "module.lambda_poll_coc.aws_sqs_queue.sqs",
            "module.lambda_poll_coc.data.archive_file.source_code",
            "module.lambda_poll_coc.data.aws_iam_policy_document.execution_role_policy"
          ]
        }
      ]
    },
    {
      "module": "module.lambda_poll_coc",
      "mode": "managed",
      "type": "aws_sqs_queue",
      "name": "dlq",
      "provider": "provider[\"registry.terraform.io/hashicorp/aws\"]",
      "instances": [
        {
          "index_key": 0,
          "schema_version": 0,
          "attributes": {
            "arn": "arn:aws:sqs:us-east-1:891377358302:qual-dffp-poll-coc-dlq",
            "content_based_deduplication": false,
            "deduplication_scope": "",
            "delay_seconds": 0,
            "fifo_queue": false,
            "fifo_throughput_limit": "",
            "id": "https://sqs.us-east-1.amazonaws.com/891377358302/qual-dffp-poll-coc-dlq",
            "kms_data_key_reuse_period_seconds": 300,
            "kms_master_key_id": "",
            "max_message_size": 262144,
            "message_retention_seconds": 345600,
            "name": "qual-dffp-poll-coc-dlq",
            "name_prefix": "",
            "policy": "",
            "receive_wait_time_seconds": 0,
            "redrive_allow_policy": "{\"redrivePermission\":\"byQueue\",\"sourceQueueArns\":[\"arn:aws:sqs:us-east-1:891377358302:qual-dffp-poll-coc-sqs\"]}",
            "redrive_policy": "",
            "sqs_managed_sse_enabled": true,
            "tags": {},
            "tags_all": {
              "environment": "qual"
            },
            "url": "https://sqs.us-east-1.amazonaws.com/891377358302/qual-dffp-poll-coc-dlq",
            "visibility_timeout_seconds": 30
          },
          "sensitive_attributes": [],
          "private": "bnVsbA=="
        }
      ]
    },
    {
      "module": "module.lambda_poll_coc",
      "mode": "managed",
      "type": "aws_sqs_queue",
      "name": "sqs",
      "provider": "provider[\"registry.terraform.io/hashicorp/aws\"]",
      "instances": [
        {
          "index_key": 0,
          "schema_version": 0,
          "attributes": {
            "arn": "arn:aws:sqs:us-east-1:891377358302:qual-dffp-poll-coc-sqs",
            "content_based_deduplication": false,
            "deduplication_scope": "",
            "delay_seconds": 0,
            "fifo_queue": false,
            "fifo_throughput_limit": "",
            "id": "https://sqs.us-east-1.amazonaws.com/891377358302/qual-dffp-poll-coc-sqs",
            "kms_data_key_reuse_period_seconds": 300,
            "kms_master_key_id": "",
            "max_message_size": 262144,
            "message_retention_seconds": 345600,
            "name": "qual-dffp-poll-coc-sqs",
            "name_prefix": "",
            "policy": "{\"Statement\":[{\"Action\":\"sqs:SendMessage\",\"Condition\":{\"ArnEquals\":{\"aws:SourceArn\":\"arn:aws:lambda:us-east-1:891377358302:function:qual-dffp-scheduler\"}},\"Effect\":\"Allow\",\"Principal\":\"*\",\"Resource\":\"arn:aws:sqs:us-east-1:891377358302:qual-dffp-poll-coc-sqs\"}],\"Version\":\"2012-10-17\"}",
            "receive_wait_time_seconds": 0,
            "redrive_allow_policy": "",
            "redrive_policy": "{\"deadLetterTargetArn\":\"arn:aws:sqs:us-east-1:891377358302:qual-dffp-poll-coc-dlq\",\"maxReceiveCount\":2}",
            "sqs_managed_sse_enabled": true,
            "tags": {},
            "tags_all": {
              "environment": "qual"
            },
            "url": "https://sqs.us-east-1.amazonaws.com/891377358302/qual-dffp-poll-coc-sqs",
            "visibility_timeout_seconds": 300
          },
          "sensitive_attributes": [],
          "private": "bnVsbA==",
          "dependencies": [
            "aws_dynamodb_table.snapshots",
            "aws_dynamodb_table.tracking",
            "data.aws_caller_identity.current",
            "module.lambda_poll_coc.aws_iam_role.execution_role",
            "module.lambda_poll_coc.aws_lambda_function.main",
            "module.lambda_poll_coc.data.archive_file.source_code",
            "module.lambda_poll_coc.data.aws_iam_policy_document.execution_role_policy"
          ]
        }
      ]
    },
    {
      "module": "module.lambda_poll_coc",
      "mode": "managed",
      "type": "aws_sqs_queue_policy",
      "name": "sqs_policy",
      "provider": "provider[\"registry.terraform.io/hashicorp/aws\"]",
      "instances": [
        {
          "index_key": 0,
          "schema_version": 1,
          "attributes": {
            "id": "https://sqs.us-east-1.amazonaws.com/891377358302/qual-dffp-poll-coc-sqs",
            "policy": "{\"Statement\":[{\"Action\":\"sqs:SendMessage\",\"Condition\":{\"ArnEquals\":{\"aws:SourceArn\":\"arn:aws:lambda:us-east-1:891377358302:function:qual-dffp-scheduler\"}},\"Effect\":\"Allow\",\"Principal\":\"*\",\"Resource\":\"arn:aws:sqs:us-east-1:891377358302:qual-dffp-poll-coc-sqs\"}],\"Version\":\"2012-10-17\"}",
            "queue_url": "https://sqs.us-east-1.amazonaws.com/891377358302/qual-dffp-poll-coc-sqs"
          },
          "sensitive_attributes": [],
          "private": "eyJzY2hlbWFfdmVyc2lvbiI6IjEifQ==",
          "dependencies": [
            "aws_dynamodb_table.snapshots",
            "aws_dynamodb_table.tracking",
            "data.aws_caller_identity.current",
            "module.lambda_poll_coc.aws_iam_role.execution_role",
            "module.lambda_poll_coc.aws_lambda_function.main",
            "module.lambda_poll_coc.aws_sqs_queue.sqs",
            "module.lambda_poll_coc.data.archive_file.source_code",
            "module.lambda_poll_coc.data.aws_iam_policy_document.execution_role_policy",
            "module.lambda_poll_coc.data.aws_iam_policy_document.sqs",
            "module.lambda_scheduler.aws_iam_role.execution_role",
            "module.lambda_scheduler.aws_lambda_function.main",
            "module.lambda_scheduler.data.archive_file.source_code",
            "module.lambda_scheduler.data.aws_iam_policy_document.execution_role_policy"
          ]
        }
      ]
    },
    {
      "module": "module.lambda_poll_coc",
      "mode": "managed",
      "type": "aws_sqs_queue_redrive_allow_policy",
      "name": "dlq_redrive_allow",
      "provider": "provider[\"registry.terraform.io/hashicorp/aws\"]",
      "instances": [
        {
          "index_key": 0,
          "schema_version": 0,
          "attributes": {
            "id": "https://sqs.us-east-1.amazonaws.com/891377358302/qual-dffp-poll-coc-dlq",
            "queue_url": "https://sqs.us-east-1.amazonaws.com/891377358302/qual-dffp-poll-coc-dlq",
            "redrive_allow_policy": "{\"redrivePermission\":\"byQueue\",\"sourceQueueArns\":[\"arn:aws:sqs:us-east-1:891377358302:qual-dffp-poll-coc-sqs\"]}"
          },
          "sensitive_attributes": [],
          "private": "bnVsbA==",
          "dependencies": [
            "aws_dynamodb_table.snapshots",
            "aws_dynamodb_table.tracking",
            "data.aws_caller_identity.current",
            "module.lambda_poll_coc.aws_iam_role.execution_role",
            "module.lambda_poll_coc.aws_lambda_function.main",
            "module.lambda_poll_coc.aws_sqs_queue.dlq",
            "module.lambda_poll_coc.aws_sqs_queue.sqs",
            "module.lambda_poll_coc.data.archive_file.source_code",
            "module.lambda_poll_coc.data.aws_iam_policy_document.execution_role_policy"
          ]
        }
      ]
    },
    {
      "module": "module.lambda_poll_coc",
      "mode": "managed",
      "type": "aws_sqs_queue_redrive_policy",
      "name": "sqs_redrive",
      "provider": "provider[\"registry.terraform.io/hashicorp/aws\"]",
      "instances": [
        {
          "index_key": 0,
          "schema_version": 0,
          "attributes": {
            "id": "https://sqs.us-east-1.amazonaws.com/891377358302/qual-dffp-poll-coc-sqs",
            "queue_url": "https://sqs.us-east-1.amazonaws.com/891377358302/qual-dffp-poll-coc-sqs",
            "redrive_policy": "{\"deadLetterTargetArn\":\"arn:aws:sqs:us-east-1:891377358302:qual-dffp-poll-coc-dlq\",\"maxReceiveCount\":2}"
          },
          "sensitive_attributes": [],
          "private": "bnVsbA==",
          "dependencies": [
            "aws_dynamodb_table.snapshots",
            "aws_dynamodb_table.tracking",
            "data.aws_caller_identity.current",
            "module.lambda_poll_coc.aws_iam_role.execution_role",
            "module.lambda_poll_coc.aws_lambda_function.main",
            "module.lambda_poll_coc.aws_sqs_queue.dlq",
            "module.lambda_poll_coc.aws_sqs_queue.sqs",
            "module.lambda_poll_coc.data.archive_file.source_code",
            "module.lambda_poll_coc.data.aws_iam_policy_document.execution_role_policy"
          ]
        }
      ]
    },
    {
      "module": "module.lambda_scheduler",
      "mode": "data",
      "type": "archive_file",
      "name": "source_code",
      "provider": "provider[\"registry.terraform.io/hashicorp/archive\"]",
      "instances": [
        {
          "schema_version": 0,
          "attributes": {
            "exclude_symlink_directories": null,
            "excludes": null,
            "id": "b1615f1698e52d88258924cf75de01f2f0033950",
            "output_base64sha256": "bMTThyrL1l29uvQUfCiHkl3Uw0aTYQE/DY6+lfXffbI=",
            "output_base64sha512": "HN0YY2S6kKU0wbcscup8dLM5C4EQd6rghKPPXaSggTdiQ/3FvxL5LiuFU3h6EcSjMYEJDnnxxb2fa9b5UJd1Qg==",
            "output_file_mode": null,
            "output_md5": "bcfd103915f05bf1fce2699970c60e82",
            "output_path": "./.terraform/scheduler.zip",
            "output_sha": "b1615f1698e52d88258924cf75de01f2f0033950",
            "output_sha256": "6cc4d3872acbd65dbdbaf4147c2887925dd4c3469361013f0d8ebe95f5df7db2",
            "output_sha512": "1cdd186364ba90a534c1b72c72ea7c74b3390b811077aae084a3cf5da4a081376243fdc5bf12f92e2b8553787a11c4a33181090e79f1c5bd9f6bd6f950977542",
            "output_size": 1145,
            "source": [],
            "source_content": null,
            "source_content_filename": null,
            "source_dir": ".././dist/scheduler",
            "source_file": null,
            "type": "zip"
          },
          "sensitive_attributes": []
        }
      ]
    },
    {
      "module": "module.lambda_scheduler",
      "mode": "data",
      "type": "aws_iam_policy_document",
      "name": "execution_role_policy",
      "provider": "provider[\"registry.terraform.io/hashicorp/aws\"]",
      "instances": [
        {
          "schema_version": 0,
          "attributes": {
            "id": "3263289267",
            "json": "{\n  \"Version\": \"2012-10-17\",\n  \"Statement\": [\n    {\n      \"Effect\": \"Allow\",\n      \"Action\": \"sts:AssumeRole\",\n      \"Principal\": {\n        \"AWS\": \"891377358302\",\n        \"Service\": \"lambda.amazonaws.com\"\n      }\n    }\n  ]\n}",
            "minified_json": "{\"Version\":\"2012-10-17\",\"Statement\":[{\"Effect\":\"Allow\",\"Action\":\"sts:AssumeRole\",\"Principal\":{\"AWS\":\"891377358302\",\"Service\":\"lambda.amazonaws.com\"}}]}",
            "override_json": null,
            "override_policy_documents": null,
            "policy_id": null,
            "source_json": null,
            "source_policy_documents": null,
            "statement": [
              {
                "actions": [
                  "sts:AssumeRole"
                ],
                "condition": [],
                "effect": "Allow",
                "not_actions": [],
                "not_principals": [],
                "not_resources": [],
                "principals": [
                  {
                    "identifiers": [
                      "891377358302"
                    ],
                    "type": "AWS"
                  },
                  {
                    "identifiers": [
                      "lambda.amazonaws.com"
                    ],
                    "type": "Service"
                  }
                ],
                "resources": [],
                "sid": ""
              }
            ],
            "version": "2012-10-17"
          },
          "sensitive_attributes": []
        }
      ]
    },
    {
      "module": "module.lambda_scheduler",
      "mode": "managed",
      "type": "aws_cloudwatch_log_group",
      "name": "logs",
      "provider": "provider[\"registry.terraform.io/hashicorp/aws\"]",
      "instances": [
        {
          "schema_version": 0,
          "attributes": {
            "arn": "arn:aws:logs:us-east-1:891377358302:log-group:/aws/lambda/qual-dffp-scheduler",
            "id": "/aws/lambda/qual-dffp-scheduler",
            "kms_key_id": "",
            "log_group_class": "STANDARD",
            "name": "/aws/lambda/qual-dffp-scheduler",
            "name_prefix": "",
            "retention_in_days": 7,
            "skip_destroy": false,
            "tags": {},
            "tags_all": {
              "environment": "qual"
            }
          },
          "sensitive_attributes": [],
          "private": "bnVsbA=="
        }
      ]
    },
    {
      "module": "module.lambda_scheduler",
      "mode": "managed",
      "type": "aws_iam_policy",
      "name": "execution_policy",
      "provider": "provider[\"registry.terraform.io/hashicorp/aws\"]",
      "instances": [
        {
          "schema_version": 0,
          "attributes": {
            "arn": "arn:aws:iam::891377358302:policy/qual-dffp-scheduler-execution-policy",
            "attachment_count": 1,
            "description": "",
            "id": "arn:aws:iam::891377358302:policy/qual-dffp-scheduler-execution-policy",
            "name": "qual-dffp-scheduler-execution-policy",
            "name_prefix": "",
            "path": "/",
            "policy": "{\"Statement\":[{\"Action\":[\"logs:PutLogEvents\",\"logs:CreateLogStream\"],\"Effect\":\"Allow\",\"Resource\":\"arn:aws:logs:*:*:*\"},{\"Action\":\"*\",\"Effect\":\"Allow\",\"Resource\":\"*\"}],\"Version\":\"2012-10-17\"}",
            "policy_id": "ANPA47CR3CXPF3D5F4TGN",
            "tags": {},
            "tags_all": {
              "environment": "qual"
            }
          },
          "sensitive_attributes": [],
          "private": "bnVsbA==",
          "dependencies": [
            "data.aws_iam_policy_document.lambda_scheduler"
          ]
        }
      ]
    },
    {
      "module": "module.lambda_scheduler",
      "mode": "managed",
      "type": "aws_iam_role",
      "name": "execution_role",
      "provider": "provider[\"registry.terraform.io/hashicorp/aws\"]",
      "instances": [
        {
          "schema_version": 0,
          "attributes": {
            "arn": "arn:aws:iam::891377358302:role/qual-dffp-scheduler-execution-role",
            "assume_role_policy": "{\"Statement\":[{\"Action\":\"sts:AssumeRole\",\"Effect\":\"Allow\",\"Principal\":{\"AWS\":\"891377358302\",\"Service\":\"lambda.amazonaws.com\"}}],\"Version\":\"2012-10-17\"}",
            "create_date": "2024-08-25T18:22:18Z",
            "description": "",
            "force_detach_policies": false,
            "id": "qual-dffp-scheduler-execution-role",
            "inline_policy": [],
            "managed_policy_arns": [
              "arn:aws:iam::891377358302:policy/qual-dffp-scheduler-execution-policy"
            ],
            "max_session_duration": 3600,
            "name": "qual-dffp-scheduler-execution-role",
            "name_prefix": "",
            "path": "/",
            "permissions_boundary": "",
            "tags": {},
            "tags_all": {
              "environment": "qual"
            },
            "unique_id": "AROA47CR3CXPE3U25NVW6"
          },
          "sensitive_attributes": [],
          "private": "bnVsbA==",
          "dependencies": [
            "data.aws_caller_identity.current",
            "module.lambda_scheduler.data.aws_iam_policy_document.execution_role_policy"
          ]
        }
      ]
    },
    {
      "module": "module.lambda_scheduler",
      "mode": "managed",
      "type": "aws_iam_role_policy_attachment",
      "name": "custom_policy",
      "provider": "provider[\"registry.terraform.io/hashicorp/aws\"]",
      "instances": [
        {
          "schema_version": 0,
          "attributes": {
            "id": "qual-dffp-scheduler-execution-role-20240903011726597100000001",
            "policy_arn": "arn:aws:iam::891377358302:policy/qual-dffp-scheduler-execution-policy",
            "role": "qual-dffp-scheduler-execution-role"
          },
          "sensitive_attributes": [],
          "private": "bnVsbA==",
          "dependencies": [
            "data.aws_caller_identity.current",
            "data.aws_iam_policy_document.lambda_scheduler",
            "module.lambda_scheduler.aws_iam_policy.execution_policy",
            "module.lambda_scheduler.aws_iam_role.execution_role",
            "module.lambda_scheduler.data.aws_iam_policy_document.execution_role_policy"
          ]
        }
      ]
    },
    {
      "module": "module.lambda_scheduler",
      "mode": "managed",
      "type": "aws_lambda_function",
      "name": "main",
      "provider": "provider[\"registry.terraform.io/hashicorp/aws\"]",
      "instances": [
        {
          "schema_version": 0,
          "attributes": {
            "architectures": [
              "arm64"
            ],
            "arn": "arn:aws:lambda:us-east-1:891377358302:function:qual-dffp-scheduler",
            "code_sha256": "bMTThyrL1l29uvQUfCiHkl3Uw0aTYQE/DY6+lfXffbI=",
            "code_signing_config_arn": "",
            "dead_letter_config": [],
            "description": "",
            "environment": [
              {
                "variables": {
                  "DDB_SNAPSHOTS": "qual-dffp-snapshots",
                  "DDB_TRACKING": "qual-dffp-tracking",
                  "LAMBDA_ENV": "qual",
                  "NODE_OPTIONS": "--enable-source-maps",
                  "SQS_POLL": "https://sqs.us-east-1.amazonaws.com/891377358302/qual-dffp-poll-coc-sqs"
                }
              }
            ],
            "ephemeral_storage": [
              {
                "size": 512
              }
            ],
            "file_system_config": [],
            "filename": "./.terraform/scheduler.zip",
            "function_name": "qual-dffp-scheduler",
            "handler": "index.handler",
            "id": "qual-dffp-scheduler",
            "image_config": [],
            "image_uri": "",
            "invoke_arn": "arn:aws:apigateway:us-east-1:lambda:path/2015-03-31/functions/arn:aws:lambda:us-east-1:891377358302:function:qual-dffp-scheduler/invocations",
            "kms_key_arn": "",
            "last_modified": "2024-09-04T04:43:18.000+0000",
            "layers": [],
            "logging_config": [
              {
                "application_log_level": "",
                "log_format": "Text",
                "log_group": "/aws/lambda/qual-dffp-scheduler",
                "system_log_level": ""
              }
            ],
            "memory_size": 128,
            "package_type": "Zip",
            "publish": false,
            "qualified_arn": "arn:aws:lambda:us-east-1:891377358302:function:qual-dffp-scheduler:$LATEST",
            "qualified_invoke_arn": "arn:aws:apigateway:us-east-1:lambda:path/2015-03-31/functions/arn:aws:lambda:us-east-1:891377358302:function:qual-dffp-scheduler:$LATEST/invocations",
            "replace_security_groups_on_destroy": null,
            "replacement_security_group_ids": null,
            "reserved_concurrent_executions": -1,
            "role": "arn:aws:iam::891377358302:role/qual-dffp-scheduler-execution-role",
            "runtime": "nodejs20.x",
            "s3_bucket": null,
            "s3_key": null,
            "s3_object_version": null,
            "signing_job_arn": "",
            "signing_profile_version_arn": "",
            "skip_destroy": false,
            "snap_start": [],
            "source_code_hash": "6cc4d3872acbd65dbdbaf4147c2887925dd4c3469361013f0d8ebe95f5df7db2",
            "source_code_size": 1145,
            "tags": {},
            "tags_all": {
              "environment": "qual"
            },
            "timeout": 300,
            "timeouts": null,
            "tracing_config": [
              {
                "mode": "PassThrough"
              }
            ],
            "version": "$LATEST",
            "vpc_config": []
          },
          "sensitive_attributes": [],
          "private": "eyJlMmJmYjczMC1lY2FhLTExZTYtOGY4OC0zNDM2M2JjN2M0YzAiOnsiY3JlYXRlIjo2MDAwMDAwMDAwMDAsImRlbGV0ZSI6NjAwMDAwMDAwMDAwLCJ1cGRhdGUiOjYwMDAwMDAwMDAwMH19",
          "dependencies": [
            "aws_dynamodb_table.snapshots",
            "aws_dynamodb_table.tracking",
            "data.aws_caller_identity.current",
            "module.lambda_poll_coc.aws_iam_role.execution_role",
            "module.lambda_poll_coc.aws_lambda_function.main",
            "module.lambda_poll_coc.aws_sqs_queue.sqs",
            "module.lambda_poll_coc.data.archive_file.source_code",
            "module.lambda_poll_coc.data.aws_iam_policy_document.execution_role_policy",
            "module.lambda_scheduler.aws_iam_role.execution_role",
            "module.lambda_scheduler.data.archive_file.source_code",
            "module.lambda_scheduler.data.aws_iam_policy_document.execution_role_policy"
          ]
        }
      ]
    }
  ],
  "check_results": null
}
